{
    "version": 3,
    "terraform_version": "0.11.10",
    "serial": 2,
    "lineage": "4e15ff63-b7bf-e840-5371-0210c08bb528",
    "modules": [
        {
            "path": [
                "root"
            ],
            "outputs": {},
            "resources": {
                "aws_ami_copy.main": {
                    "type": "aws_ami_copy",
                    "depends_on": [
                        "local.tags"
                    ],
                    "primary": {
                        "id": "ami-03ed41719ca2e775f",
                        "attributes": {
                            "architecture": "x86_64",
                            "description": "OpenShift 4 Beta 410.8.20190508.1",
                            "ebs_block_device.#": "1",
                            "ebs_block_device.3352977614.delete_on_termination": "true",
                            "ebs_block_device.3352977614.device_name": "/dev/xvda",
                            "ebs_block_device.3352977614.encrypted": "true",
                            "ebs_block_device.3352977614.iops": "0",
                            "ebs_block_device.3352977614.snapshot_id": "snap-0c2dfbc8e4b63b7b3",
                            "ebs_block_device.3352977614.volume_size": "16",
                            "ebs_block_device.3352977614.volume_type": "gp2",
                            "ena_support": "true",
                            "encrypted": "true",
                            "ephemeral_block_device.#": "1",
                            "ephemeral_block_device.3043895074.device_name": "/dev/xvdb",
                            "ephemeral_block_device.3043895074.virtual_name": "ephemeral0",
                            "id": "ami-03ed41719ca2e775f",
                            "image_location": "375630183866/openshift-nonprod-w6gj9-master",
                            "kernel_id": "",
                            "manage_ebs_snapshots": "true",
                            "name": "openshift-nonprod-w6gj9-master",
                            "ramdisk_id": "",
                            "root_device_name": "/dev/xvda",
                            "root_snapshot_id": "snap-0c2dfbc8e4b63b7b3",
                            "source_ami_id": "ami-033b8fc59b43c23ee",
                            "source_ami_region": "us-east-1",
                            "sriov_net_support": "simple",
                            "tags.%": "4",
                            "tags.Name": "openshift-nonprod-w6gj9-master",
                            "tags.kubernetes.io/cluster/openshift-nonprod-w6gj9": "owned",
                            "tags.sourceAMI": "ami-033b8fc59b43c23ee",
                            "tags.sourceRegion": "us-east-1",
                            "virtualization_type": "hvm"
                        },
                        "meta": {
                            "e2bfb730-ecaa-11e6-8f88-34363bc7c4c0": {
                                "create": 2400000000000,
                                "delete": 5400000000000,
                                "update": 2400000000000
                            }
                        },
                        "tainted": false
                    },
                    "deposed": [],
                    "provider": "provider.aws"
                }
            },
            "depends_on": []
        },
        {
            "path": [
                "root",
                "bootstrap"
            ],
            "outputs": {},
            "resources": {},
            "depends_on": []
        },
        {
            "path": [
                "root",
                "dns"
            ],
            "outputs": {},
            "resources": {
                "aws_route53_record.api_external": {
                    "type": "aws_route53_record",
                    "depends_on": [
                        "data.aws_route53_zone.public"
                    ],
                    "primary": {
                        "id": "Z2EKOUNTPS05T8_api.openshift-nonprod.gh-mdas.com_A",
                        "attributes": {
                            "alias.#": "1",
                            "alias.3021398699.evaluate_target_health": "false",
                            "alias.3021398699.name": "openshift-nonprod-w6gj9-ext-f54c8b14fb6046fd.elb.us-east-1.amazonaws.com",
                            "alias.3021398699.zone_id": "Z26RNL4JYFTOTI",
                            "fqdn": "api.openshift-nonprod.gh-mdas.com",
                            "id": "Z2EKOUNTPS05T8_api.openshift-nonprod.gh-mdas.com_A",
                            "name": "api.openshift-nonprod.gh-mdas.com",
                            "type": "A",
                            "zone_id": "Z2EKOUNTPS05T8"
                        },
                        "meta": {
                            "schema_version": "2"
                        },
                        "tainted": false
                    },
                    "deposed": [],
                    "provider": "provider.aws"
                },
                "aws_route53_record.api_external_internal_zone": {
                    "type": "aws_route53_record",
                    "depends_on": [
                        "aws_route53_zone.int"
                    ],
                    "primary": {
                        "id": "Z21KDH3LOSBYIG_api.openshift-nonprod.gh-mdas.com_A",
                        "attributes": {
                            "alias.#": "1",
                            "alias.1784835629.evaluate_target_health": "false",
                            "alias.1784835629.name": "openshift-nonprod-w6gj9-int-5ea5bb40dc133f8b.elb.us-east-1.amazonaws.com",
                            "alias.1784835629.zone_id": "Z26RNL4JYFTOTI",
                            "fqdn": "api.openshift-nonprod.gh-mdas.com",
                            "id": "Z21KDH3LOSBYIG_api.openshift-nonprod.gh-mdas.com_A",
                            "name": "api.openshift-nonprod.gh-mdas.com",
                            "type": "A",
                            "zone_id": "Z21KDH3LOSBYIG"
                        },
                        "meta": {
                            "schema_version": "2"
                        },
                        "tainted": false
                    },
                    "deposed": [],
                    "provider": "provider.aws"
                },
                "aws_route53_record.api_internal": {
                    "type": "aws_route53_record",
                    "depends_on": [
                        "aws_route53_zone.int"
                    ],
                    "primary": {
                        "id": "Z21KDH3LOSBYIG_api-int.openshift-nonprod.gh-mdas.com_A",
                        "attributes": {
                            "alias.#": "1",
                            "alias.1784835629.evaluate_target_health": "false",
                            "alias.1784835629.name": "openshift-nonprod-w6gj9-int-5ea5bb40dc133f8b.elb.us-east-1.amazonaws.com",
                            "alias.1784835629.zone_id": "Z26RNL4JYFTOTI",
                            "fqdn": "api-int.openshift-nonprod.gh-mdas.com",
                            "id": "Z21KDH3LOSBYIG_api-int.openshift-nonprod.gh-mdas.com_A",
                            "name": "api-int.openshift-nonprod.gh-mdas.com",
                            "type": "A",
                            "zone_id": "Z21KDH3LOSBYIG"
                        },
                        "meta": {
                            "schema_version": "2"
                        },
                        "tainted": false
                    },
                    "deposed": [],
                    "provider": "provider.aws"
                },
                "aws_route53_record.etcd_a_nodes.0": {
                    "type": "aws_route53_record",
                    "depends_on": [
                        "aws_route53_zone.int"
                    ],
                    "primary": {
                        "id": "Z21KDH3LOSBYIG_etcd-0.openshift-nonprod.gh-mdas.com_A",
                        "attributes": {
                            "fqdn": "etcd-0.openshift-nonprod.gh-mdas.com",
                            "id": "Z21KDH3LOSBYIG_etcd-0.openshift-nonprod.gh-mdas.com_A",
                            "name": "etcd-0.openshift-nonprod.gh-mdas.com",
                            "records.#": "1",
                            "records.319530060": "10.0.129.130",
                            "ttl": "60",
                            "type": "A",
                            "zone_id": "Z21KDH3LOSBYIG"
                        },
                        "meta": {
                            "schema_version": "2"
                        },
                        "tainted": false
                    },
                    "deposed": [],
                    "provider": "provider.aws"
                },
                "aws_route53_record.etcd_a_nodes.1": {
                    "type": "aws_route53_record",
                    "depends_on": [
                        "aws_route53_zone.int"
                    ],
                    "primary": {
                        "id": "Z21KDH3LOSBYIG_etcd-1.openshift-nonprod.gh-mdas.com_A",
                        "attributes": {
                            "fqdn": "etcd-1.openshift-nonprod.gh-mdas.com",
                            "id": "Z21KDH3LOSBYIG_etcd-1.openshift-nonprod.gh-mdas.com_A",
                            "name": "etcd-1.openshift-nonprod.gh-mdas.com",
                            "records.#": "1",
                            "records.3647994353": "10.0.148.151",
                            "ttl": "60",
                            "type": "A",
                            "zone_id": "Z21KDH3LOSBYIG"
                        },
                        "meta": {
                            "schema_version": "2"
                        },
                        "tainted": false
                    },
                    "deposed": [],
                    "provider": "provider.aws"
                },
                "aws_route53_record.etcd_a_nodes.2": {
                    "type": "aws_route53_record",
                    "depends_on": [
                        "aws_route53_zone.int"
                    ],
                    "primary": {
                        "id": "Z21KDH3LOSBYIG_etcd-2.openshift-nonprod.gh-mdas.com_A",
                        "attributes": {
                            "fqdn": "etcd-2.openshift-nonprod.gh-mdas.com",
                            "id": "Z21KDH3LOSBYIG_etcd-2.openshift-nonprod.gh-mdas.com_A",
                            "name": "etcd-2.openshift-nonprod.gh-mdas.com",
                            "records.#": "1",
                            "records.3172952718": "10.0.164.253",
                            "ttl": "60",
                            "type": "A",
                            "zone_id": "Z21KDH3LOSBYIG"
                        },
                        "meta": {
                            "schema_version": "2"
                        },
                        "tainted": false
                    },
                    "deposed": [],
                    "provider": "provider.aws"
                },
                "aws_route53_record.etcd_cluster": {
                    "type": "aws_route53_record",
                    "depends_on": [
                        "aws_route53_record.etcd_a_nodes.*",
                        "aws_route53_zone.int"
                    ],
                    "primary": {
                        "id": "Z21KDH3LOSBYIG__etcd-server-ssl._tcp_SRV",
                        "attributes": {
                            "fqdn": "_etcd-server-ssl._tcp.openshift-nonprod.gh-mdas.com",
                            "id": "Z21KDH3LOSBYIG__etcd-server-ssl._tcp_SRV",
                            "name": "_etcd-server-ssl._tcp",
                            "records.#": "3",
                            "records.3820105687": "0 10 2380 etcd-2.openshift-nonprod.gh-mdas.com",
                            "records.4036630180": "0 10 2380 etcd-1.openshift-nonprod.gh-mdas.com",
                            "records.4269670005": "0 10 2380 etcd-0.openshift-nonprod.gh-mdas.com",
                            "ttl": "60",
                            "type": "SRV",
                            "zone_id": "Z21KDH3LOSBYIG"
                        },
                        "meta": {
                            "schema_version": "2"
                        },
                        "tainted": false
                    },
                    "deposed": [],
                    "provider": "provider.aws"
                },
                "aws_route53_zone.int": {
                    "type": "aws_route53_zone",
                    "depends_on": [
                        "aws_route53_record.api_external"
                    ],
                    "primary": {
                        "id": "Z21KDH3LOSBYIG",
                        "attributes": {
                            "comment": "Managed by Terraform",
                            "delegation_set_id": "",
                            "force_destroy": "true",
                            "id": "Z21KDH3LOSBYIG",
                            "name": "openshift-nonprod.gh-mdas.com.",
                            "name_servers.#": "4",
                            "name_servers.0": "ns-0.awsdns-00.com.",
                            "name_servers.1": "ns-1024.awsdns-00.org.",
                            "name_servers.2": "ns-1536.awsdns-00.co.uk.",
                            "name_servers.3": "ns-512.awsdns-00.net.",
                            "tags.%": "2",
                            "tags.Name": "openshift-nonprod-w6gj9-int",
                            "tags.kubernetes.io/cluster/openshift-nonprod-w6gj9": "owned",
                            "vpc.#": "1",
                            "vpc.3714559666.vpc_id": "vpc-0463ec22ce255ac06",
                            "vpc.3714559666.vpc_region": "us-east-1",
                            "zone_id": "Z21KDH3LOSBYIG"
                        },
                        "meta": {},
                        "tainted": false
                    },
                    "deposed": [],
                    "provider": "provider.aws"
                },
                "data.aws_route53_zone.public": {
                    "type": "aws_route53_zone",
                    "depends_on": [],
                    "primary": {
                        "id": "Z2EKOUNTPS05T8",
                        "attributes": {
                            "caller_reference": "RISWorkflow-RD:2e5bcb9e-8b4a-40f6-aa89-c2fdac7786e2",
                            "comment": "HostedZone created by Route53 Registrar",
                            "id": "Z2EKOUNTPS05T8",
                            "name": "gh-mdas.com.",
                            "name_servers.#": "4",
                            "name_servers.0": "ns-149.awsdns-18.com",
                            "name_servers.1": "ns-1503.awsdns-59.org",
                            "name_servers.2": "ns-993.awsdns-60.net",
                            "name_servers.3": "ns-1582.awsdns-05.co.uk",
                            "private_zone": "false",
                            "resource_record_set_count": "2",
                            "zone_id": "Z2EKOUNTPS05T8"
                        },
                        "meta": {},
                        "tainted": false
                    },
                    "deposed": [],
                    "provider": "provider.aws"
                }
            },
            "depends_on": []
        },
        {
            "path": [
                "root",
                "iam"
            ],
            "outputs": {},
            "resources": {
                "aws_iam_instance_profile.worker": {
                    "type": "aws_iam_instance_profile",
                    "depends_on": [
                        "aws_iam_role.worker_role"
                    ],
                    "primary": {
                        "id": "openshift-nonprod-w6gj9-worker-profile",
                        "attributes": {
                            "arn": "arn:aws:iam::375630183866:instance-profile/openshift-nonprod-w6gj9-worker-profile",
                            "create_date": "2019-05-16T19:35:13Z",
                            "id": "openshift-nonprod-w6gj9-worker-profile",
                            "name": "openshift-nonprod-w6gj9-worker-profile",
                            "path": "/",
                            "role": "openshift-nonprod-w6gj9-worker-role",
                            "roles.#": "0",
                            "unique_id": "AIPAVO5KNXW5DQHQTKHHE"
                        },
                        "meta": {},
                        "tainted": false
                    },
                    "deposed": [],
                    "provider": "provider.aws"
                },
                "aws_iam_role.worker_role": {
                    "type": "aws_iam_role",
                    "depends_on": [],
                    "primary": {
                        "id": "openshift-nonprod-w6gj9-worker-role",
                        "attributes": {
                            "arn": "arn:aws:iam::375630183866:role/openshift-nonprod-w6gj9-worker-role",
                            "assume_role_policy": "{\"Version\":\"2012-10-17\",\"Statement\":[{\"Sid\":\"\",\"Effect\":\"Allow\",\"Principal\":{\"Service\":\"ec2.amazonaws.com\"},\"Action\":\"sts:AssumeRole\"}]}",
                            "create_date": "2019-05-16T19:35:12Z",
                            "description": "",
                            "force_detach_policies": "false",
                            "id": "openshift-nonprod-w6gj9-worker-role",
                            "max_session_duration": "3600",
                            "name": "openshift-nonprod-w6gj9-worker-role",
                            "path": "/",
                            "tags.%": "2",
                            "tags.Name": "openshift-nonprod-w6gj9-worker-role",
                            "tags.kubernetes.io/cluster/openshift-nonprod-w6gj9": "owned",
                            "unique_id": "AROAVO5KNXW5C6RVCGPIT"
                        },
                        "meta": {},
                        "tainted": false
                    },
                    "deposed": [],
                    "provider": "provider.aws"
                },
                "aws_iam_role_policy.worker_policy": {
                    "type": "aws_iam_role_policy",
                    "depends_on": [
                        "aws_iam_role.worker_role"
                    ],
                    "primary": {
                        "id": "openshift-nonprod-w6gj9-worker-role:openshift-nonprod-w6gj9-worker-policy",
                        "attributes": {
                            "id": "openshift-nonprod-w6gj9-worker-role:openshift-nonprod-w6gj9-worker-policy",
                            "name": "openshift-nonprod-w6gj9-worker-policy",
                            "policy": "{\n  \"Version\": \"2012-10-17\",\n  \"Statement\": [\n    {\n      \"Effect\": \"Allow\",\n      \"Action\": \"ec2:Describe*\",\n      \"Resource\": \"*\"\n    }\n  ]\n}\n",
                            "role": "openshift-nonprod-w6gj9-worker-role"
                        },
                        "meta": {},
                        "tainted": false
                    },
                    "deposed": [],
                    "provider": "provider.aws"
                }
            },
            "depends_on": []
        },
        {
            "path": [
                "root",
                "masters"
            ],
            "outputs": {
                "ip_addresses": {
                    "sensitive": false,
                    "type": "list",
                    "value": [
                        [
                            "10.0.129.130"
                        ],
                        [
                            "10.0.148.151"
                        ],
                        [
                            "10.0.164.253"
                        ]
                    ]
                }
            },
            "resources": {
                "aws_iam_instance_profile.master": {
                    "type": "aws_iam_instance_profile",
                    "depends_on": [
                        "aws_iam_role.master_role"
                    ],
                    "primary": {
                        "id": "openshift-nonprod-w6gj9-master-profile",
                        "attributes": {
                            "arn": "arn:aws:iam::375630183866:instance-profile/openshift-nonprod-w6gj9-master-profile",
                            "create_date": "2019-05-16T19:35:13Z",
                            "id": "openshift-nonprod-w6gj9-master-profile",
                            "name": "openshift-nonprod-w6gj9-master-profile",
                            "path": "/",
                            "role": "openshift-nonprod-w6gj9-master-role",
                            "roles.#": "0",
                            "unique_id": "AIPAVO5KNXW5LTXXJT7PH"
                        },
                        "meta": {},
                        "tainted": false
                    },
                    "deposed": [],
                    "provider": "provider.aws"
                },
                "aws_iam_role.master_role": {
                    "type": "aws_iam_role",
                    "depends_on": [],
                    "primary": {
                        "id": "openshift-nonprod-w6gj9-master-role",
                        "attributes": {
                            "arn": "arn:aws:iam::375630183866:role/openshift-nonprod-w6gj9-master-role",
                            "assume_role_policy": "{\"Version\":\"2012-10-17\",\"Statement\":[{\"Sid\":\"\",\"Effect\":\"Allow\",\"Principal\":{\"Service\":\"ec2.amazonaws.com\"},\"Action\":\"sts:AssumeRole\"}]}",
                            "create_date": "2019-05-16T19:35:12Z",
                            "description": "",
                            "force_detach_policies": "false",
                            "id": "openshift-nonprod-w6gj9-master-role",
                            "max_session_duration": "3600",
                            "name": "openshift-nonprod-w6gj9-master-role",
                            "path": "/",
                            "tags.%": "2",
                            "tags.Name": "openshift-nonprod-w6gj9-master-role",
                            "tags.kubernetes.io/cluster/openshift-nonprod-w6gj9": "owned",
                            "unique_id": "AROAVO5KNXW5GMI7VW2BW"
                        },
                        "meta": {},
                        "tainted": false
                    },
                    "deposed": [],
                    "provider": "provider.aws"
                },
                "aws_iam_role_policy.master_policy": {
                    "type": "aws_iam_role_policy",
                    "depends_on": [
                        "aws_iam_role.master_role",
                        "local.arn"
                    ],
                    "primary": {
                        "id": "openshift-nonprod-w6gj9-master-role:openshift-nonprod-w6gj9-master-policy",
                        "attributes": {
                            "id": "openshift-nonprod-w6gj9-master-role:openshift-nonprod-w6gj9-master-policy",
                            "name": "openshift-nonprod-w6gj9-master-policy",
                            "policy": "{\n  \"Version\": \"2012-10-17\",\n  \"Statement\": [\n    {\n      \"Action\": \"ec2:*\",\n      \"Resource\": \"*\",\n      \"Effect\": \"Allow\"\n    },\n    {\n      \"Action\": \"iam:PassRole\",\n      \"Resource\": \"*\",\n      \"Effect\": \"Allow\"\n    },\n    {\n      \"Action\" : [\n        \"s3:GetObject\"\n      ],\n      \"Resource\": \"arn:aws:s3:::*\",\n      \"Effect\": \"Allow\"\n    },\n    {\n      \"Action\": \"elasticloadbalancing:*\",\n      \"Resource\": \"*\",\n      \"Effect\": \"Allow\"\n    }\n  ]\n}\n",
                            "role": "openshift-nonprod-w6gj9-master-role"
                        },
                        "meta": {},
                        "tainted": false
                    },
                    "deposed": [],
                    "provider": "provider.aws"
                },
                "aws_instance.master.0": {
                    "type": "aws_instance",
                    "depends_on": [
                        "aws_iam_instance_profile.master",
                        "aws_network_interface.master.*"
                    ],
                    "primary": {
                        "id": "i-0dc156cdaf4320e8e",
                        "attributes": {
                            "ami": "ami-03ed41719ca2e775f",
                            "arn": "arn:aws:ec2:us-east-1:375630183866:instance/i-0dc156cdaf4320e8e",
                            "associate_public_ip_address": "false",
                            "availability_zone": "us-east-1a",
                            "cpu_core_count": "2",
                            "cpu_threads_per_core": "2",
                            "credit_specification.#": "1",
                            "credit_specification.0.cpu_credits": "standard",
                            "disable_api_termination": "false",
                            "ebs_block_device.#": "0",
                            "ebs_optimized": "false",
                            "ephemeral_block_device.#": "0",
                            "get_password_data": "false",
                            "iam_instance_profile": "openshift-nonprod-w6gj9-master-profile",
                            "id": "i-0dc156cdaf4320e8e",
                            "instance_state": "running",
                            "instance_type": "m5.xlarge",
                            "ipv6_addresses.#": "0",
                            "key_name": "",
                            "monitoring": "false",
                            "network_interface.#": "1",
                            "network_interface.964381875.delete_on_termination": "false",
                            "network_interface.964381875.device_index": "0",
                            "network_interface.964381875.network_interface_id": "eni-058907a3ccbd60ce4",
                            "password_data": "",
                            "placement_group": "",
                            "primary_network_interface_id": "eni-058907a3ccbd60ce4",
                            "private_dns": "ip-10-0-129-130.ec2.internal",
                            "private_ip": "10.0.129.130",
                            "public_dns": "",
                            "public_ip": "",
                            "root_block_device.#": "1",
                            "root_block_device.0.delete_on_termination": "true",
                            "root_block_device.0.iops": "360",
                            "root_block_device.0.volume_id": "vol-07351b1a2cb16ede2",
                            "root_block_device.0.volume_size": "120",
                            "root_block_device.0.volume_type": "gp2",
                            "security_groups.#": "0",
                            "source_dest_check": "true",
                            "subnet_id": "subnet-0618015e5abc882bd",
                            "tags.%": "2",
                            "tags.Name": "openshift-nonprod-w6gj9-master-0",
                            "tags.kubernetes.io/cluster/openshift-nonprod-w6gj9": "owned",
                            "tenancy": "default",
                            "user_data": "3c774c00cf237f685490e9b60f7ae48c79182f5c",
                            "volume_tags.%": "2",
                            "volume_tags.Name": "openshift-nonprod-w6gj9-master-0-vol",
                            "volume_tags.kubernetes.io/cluster/openshift-nonprod-w6gj9": "owned",
                            "vpc_security_group_ids.#": "1",
                            "vpc_security_group_ids.2744031008": "sg-0d85d57546eb4943c"
                        },
                        "meta": {
                            "e2bfb730-ecaa-11e6-8f88-34363bc7c4c0": {
                                "create": 600000000000,
                                "delete": 1200000000000,
                                "update": 600000000000
                            },
                            "schema_version": "1"
                        },
                        "tainted": false
                    },
                    "deposed": [],
                    "provider": "provider.aws"
                },
                "aws_instance.master.1": {
                    "type": "aws_instance",
                    "depends_on": [
                        "aws_iam_instance_profile.master",
                        "aws_network_interface.master.*"
                    ],
                    "primary": {
                        "id": "i-0d771e4af60b43305",
                        "attributes": {
                            "ami": "ami-03ed41719ca2e775f",
                            "arn": "arn:aws:ec2:us-east-1:375630183866:instance/i-0d771e4af60b43305",
                            "associate_public_ip_address": "false",
                            "availability_zone": "us-east-1b",
                            "cpu_core_count": "2",
                            "cpu_threads_per_core": "2",
                            "credit_specification.#": "1",
                            "credit_specification.0.cpu_credits": "standard",
                            "disable_api_termination": "false",
                            "ebs_block_device.#": "0",
                            "ebs_optimized": "false",
                            "ephemeral_block_device.#": "0",
                            "get_password_data": "false",
                            "iam_instance_profile": "openshift-nonprod-w6gj9-master-profile",
                            "id": "i-0d771e4af60b43305",
                            "instance_state": "running",
                            "instance_type": "m5.xlarge",
                            "ipv6_addresses.#": "0",
                            "key_name": "",
                            "monitoring": "false",
                            "network_interface.#": "1",
                            "network_interface.1564784963.delete_on_termination": "false",
                            "network_interface.1564784963.device_index": "0",
                            "network_interface.1564784963.network_interface_id": "eni-0558235f450f42a3b",
                            "password_data": "",
                            "placement_group": "",
                            "primary_network_interface_id": "eni-0558235f450f42a3b",
                            "private_dns": "ip-10-0-148-151.ec2.internal",
                            "private_ip": "10.0.148.151",
                            "public_dns": "",
                            "public_ip": "",
                            "root_block_device.#": "1",
                            "root_block_device.0.delete_on_termination": "true",
                            "root_block_device.0.iops": "360",
                            "root_block_device.0.volume_id": "vol-07f2d2c1d6eb26449",
                            "root_block_device.0.volume_size": "120",
                            "root_block_device.0.volume_type": "gp2",
                            "security_groups.#": "0",
                            "source_dest_check": "true",
                            "subnet_id": "subnet-06f905b3ff98d37ec",
                            "tags.%": "2",
                            "tags.Name": "openshift-nonprod-w6gj9-master-1",
                            "tags.kubernetes.io/cluster/openshift-nonprod-w6gj9": "owned",
                            "tenancy": "default",
                            "user_data": "3c774c00cf237f685490e9b60f7ae48c79182f5c",
                            "volume_tags.%": "2",
                            "volume_tags.Name": "openshift-nonprod-w6gj9-master-1-vol",
                            "volume_tags.kubernetes.io/cluster/openshift-nonprod-w6gj9": "owned",
                            "vpc_security_group_ids.#": "1",
                            "vpc_security_group_ids.2744031008": "sg-0d85d57546eb4943c"
                        },
                        "meta": {
                            "e2bfb730-ecaa-11e6-8f88-34363bc7c4c0": {
                                "create": 600000000000,
                                "delete": 1200000000000,
                                "update": 600000000000
                            },
                            "schema_version": "1"
                        },
                        "tainted": false
                    },
                    "deposed": [],
                    "provider": "provider.aws"
                },
                "aws_instance.master.2": {
                    "type": "aws_instance",
                    "depends_on": [
                        "aws_iam_instance_profile.master",
                        "aws_network_interface.master.*"
                    ],
                    "primary": {
                        "id": "i-00e2333b67934b491",
                        "attributes": {
                            "ami": "ami-03ed41719ca2e775f",
                            "arn": "arn:aws:ec2:us-east-1:375630183866:instance/i-00e2333b67934b491",
                            "associate_public_ip_address": "false",
                            "availability_zone": "us-east-1c",
                            "cpu_core_count": "2",
                            "cpu_threads_per_core": "2",
                            "credit_specification.#": "1",
                            "credit_specification.0.cpu_credits": "standard",
                            "disable_api_termination": "false",
                            "ebs_block_device.#": "0",
                            "ebs_optimized": "false",
                            "ephemeral_block_device.#": "0",
                            "get_password_data": "false",
                            "iam_instance_profile": "openshift-nonprod-w6gj9-master-profile",
                            "id": "i-00e2333b67934b491",
                            "instance_state": "running",
                            "instance_type": "m5.xlarge",
                            "ipv6_addresses.#": "0",
                            "key_name": "",
                            "monitoring": "false",
                            "network_interface.#": "1",
                            "network_interface.1571068506.delete_on_termination": "false",
                            "network_interface.1571068506.device_index": "0",
                            "network_interface.1571068506.network_interface_id": "eni-0d19654dacb5c3af7",
                            "password_data": "",
                            "placement_group": "",
                            "primary_network_interface_id": "eni-0d19654dacb5c3af7",
                            "private_dns": "ip-10-0-164-253.ec2.internal",
                            "private_ip": "10.0.164.253",
                            "public_dns": "",
                            "public_ip": "",
                            "root_block_device.#": "1",
                            "root_block_device.0.delete_on_termination": "true",
                            "root_block_device.0.iops": "360",
                            "root_block_device.0.volume_id": "vol-0f1571a628bb9ce60",
                            "root_block_device.0.volume_size": "120",
                            "root_block_device.0.volume_type": "gp2",
                            "security_groups.#": "0",
                            "source_dest_check": "true",
                            "subnet_id": "subnet-0e4304b80f639e30b",
                            "tags.%": "2",
                            "tags.Name": "openshift-nonprod-w6gj9-master-2",
                            "tags.kubernetes.io/cluster/openshift-nonprod-w6gj9": "owned",
                            "tenancy": "default",
                            "user_data": "3c774c00cf237f685490e9b60f7ae48c79182f5c",
                            "volume_tags.%": "2",
                            "volume_tags.Name": "openshift-nonprod-w6gj9-master-2-vol",
                            "volume_tags.kubernetes.io/cluster/openshift-nonprod-w6gj9": "owned",
                            "vpc_security_group_ids.#": "1",
                            "vpc_security_group_ids.2744031008": "sg-0d85d57546eb4943c"
                        },
                        "meta": {
                            "e2bfb730-ecaa-11e6-8f88-34363bc7c4c0": {
                                "create": 600000000000,
                                "delete": 1200000000000,
                                "update": 600000000000
                            },
                            "schema_version": "1"
                        },
                        "tainted": false
                    },
                    "deposed": [],
                    "provider": "provider.aws"
                },
                "aws_lb_target_group_attachment.master.0": {
                    "type": "aws_lb_target_group_attachment",
                    "depends_on": [
                        "aws_instance.master.*"
                    ],
                    "primary": {
                        "id": "arn:aws:elasticloadbalancing:us-east-1:375630183866:targetgroup/openshift-nonprod-w6gj9-aint/70a3d667168d01f6-2019051619404157250000000c",
                        "attributes": {
                            "id": "arn:aws:elasticloadbalancing:us-east-1:375630183866:targetgroup/openshift-nonprod-w6gj9-aint/70a3d667168d01f6-2019051619404157250000000c",
                            "target_group_arn": "arn:aws:elasticloadbalancing:us-east-1:375630183866:targetgroup/openshift-nonprod-w6gj9-aint/70a3d667168d01f6",
                            "target_id": "10.0.129.130"
                        },
                        "meta": {},
                        "tainted": false
                    },
                    "deposed": [],
                    "provider": "provider.aws"
                },
                "aws_lb_target_group_attachment.master.1": {
                    "type": "aws_lb_target_group_attachment",
                    "depends_on": [
                        "aws_instance.master.*"
                    ],
                    "primary": {
                        "id": "arn:aws:elasticloadbalancing:us-east-1:375630183866:targetgroup/openshift-nonprod-w6gj9-sint/76979e1cfbb15d2d-2019051619404204700000000e",
                        "attributes": {
                            "id": "arn:aws:elasticloadbalancing:us-east-1:375630183866:targetgroup/openshift-nonprod-w6gj9-sint/76979e1cfbb15d2d-2019051619404204700000000e",
                            "target_group_arn": "arn:aws:elasticloadbalancing:us-east-1:375630183866:targetgroup/openshift-nonprod-w6gj9-sint/76979e1cfbb15d2d",
                            "target_id": "10.0.129.130"
                        },
                        "meta": {},
                        "tainted": false
                    },
                    "deposed": [],
                    "provider": "provider.aws"
                },
                "aws_lb_target_group_attachment.master.2": {
                    "type": "aws_lb_target_group_attachment",
                    "depends_on": [
                        "aws_instance.master.*"
                    ],
                    "primary": {
                        "id": "arn:aws:elasticloadbalancing:us-east-1:375630183866:targetgroup/openshift-nonprod-w6gj9-aext/bd4594803fc0c78d-2019051619404155070000000b",
                        "attributes": {
                            "id": "arn:aws:elasticloadbalancing:us-east-1:375630183866:targetgroup/openshift-nonprod-w6gj9-aext/bd4594803fc0c78d-2019051619404155070000000b",
                            "target_group_arn": "arn:aws:elasticloadbalancing:us-east-1:375630183866:targetgroup/openshift-nonprod-w6gj9-aext/bd4594803fc0c78d",
                            "target_id": "10.0.129.130"
                        },
                        "meta": {},
                        "tainted": false
                    },
                    "deposed": [],
                    "provider": "provider.aws"
                },
                "aws_lb_target_group_attachment.master.3": {
                    "type": "aws_lb_target_group_attachment",
                    "depends_on": [
                        "aws_instance.master.*"
                    ],
                    "primary": {
                        "id": "arn:aws:elasticloadbalancing:us-east-1:375630183866:targetgroup/openshift-nonprod-w6gj9-aint/70a3d667168d01f6-20190516194040939700000007",
                        "attributes": {
                            "id": "arn:aws:elasticloadbalancing:us-east-1:375630183866:targetgroup/openshift-nonprod-w6gj9-aint/70a3d667168d01f6-20190516194040939700000007",
                            "target_group_arn": "arn:aws:elasticloadbalancing:us-east-1:375630183866:targetgroup/openshift-nonprod-w6gj9-aint/70a3d667168d01f6",
                            "target_id": "10.0.148.151"
                        },
                        "meta": {},
                        "tainted": false
                    },
                    "deposed": [],
                    "provider": "provider.aws"
                },
                "aws_lb_target_group_attachment.master.4": {
                    "type": "aws_lb_target_group_attachment",
                    "depends_on": [
                        "aws_instance.master.*"
                    ],
                    "primary": {
                        "id": "arn:aws:elasticloadbalancing:us-east-1:375630183866:targetgroup/openshift-nonprod-w6gj9-sint/76979e1cfbb15d2d-2019051619404150080000000a",
                        "attributes": {
                            "id": "arn:aws:elasticloadbalancing:us-east-1:375630183866:targetgroup/openshift-nonprod-w6gj9-sint/76979e1cfbb15d2d-2019051619404150080000000a",
                            "target_group_arn": "arn:aws:elasticloadbalancing:us-east-1:375630183866:targetgroup/openshift-nonprod-w6gj9-sint/76979e1cfbb15d2d",
                            "target_id": "10.0.148.151"
                        },
                        "meta": {},
                        "tainted": false
                    },
                    "deposed": [],
                    "provider": "provider.aws"
                },
                "aws_lb_target_group_attachment.master.5": {
                    "type": "aws_lb_target_group_attachment",
                    "depends_on": [
                        "aws_instance.master.*"
                    ],
                    "primary": {
                        "id": "arn:aws:elasticloadbalancing:us-east-1:375630183866:targetgroup/openshift-nonprod-w6gj9-aext/bd4594803fc0c78d-2019051619404161250000000d",
                        "attributes": {
                            "id": "arn:aws:elasticloadbalancing:us-east-1:375630183866:targetgroup/openshift-nonprod-w6gj9-aext/bd4594803fc0c78d-2019051619404161250000000d",
                            "target_group_arn": "arn:aws:elasticloadbalancing:us-east-1:375630183866:targetgroup/openshift-nonprod-w6gj9-aext/bd4594803fc0c78d",
                            "target_id": "10.0.148.151"
                        },
                        "meta": {},
                        "tainted": false
                    },
                    "deposed": [],
                    "provider": "provider.aws"
                },
                "aws_lb_target_group_attachment.master.6": {
                    "type": "aws_lb_target_group_attachment",
                    "depends_on": [
                        "aws_instance.master.*"
                    ],
                    "primary": {
                        "id": "arn:aws:elasticloadbalancing:us-east-1:375630183866:targetgroup/openshift-nonprod-w6gj9-aint/70a3d667168d01f6-20190516194041014100000008",
                        "attributes": {
                            "id": "arn:aws:elasticloadbalancing:us-east-1:375630183866:targetgroup/openshift-nonprod-w6gj9-aint/70a3d667168d01f6-20190516194041014100000008",
                            "target_group_arn": "arn:aws:elasticloadbalancing:us-east-1:375630183866:targetgroup/openshift-nonprod-w6gj9-aint/70a3d667168d01f6",
                            "target_id": "10.0.164.253"
                        },
                        "meta": {},
                        "tainted": false
                    },
                    "deposed": [],
                    "provider": "provider.aws"
                },
                "aws_lb_target_group_attachment.master.7": {
                    "type": "aws_lb_target_group_attachment",
                    "depends_on": [
                        "aws_instance.master.*"
                    ],
                    "primary": {
                        "id": "arn:aws:elasticloadbalancing:us-east-1:375630183866:targetgroup/openshift-nonprod-w6gj9-sint/76979e1cfbb15d2d-20190516194041079700000009",
                        "attributes": {
                            "id": "arn:aws:elasticloadbalancing:us-east-1:375630183866:targetgroup/openshift-nonprod-w6gj9-sint/76979e1cfbb15d2d-20190516194041079700000009",
                            "target_group_arn": "arn:aws:elasticloadbalancing:us-east-1:375630183866:targetgroup/openshift-nonprod-w6gj9-sint/76979e1cfbb15d2d",
                            "target_id": "10.0.164.253"
                        },
                        "meta": {},
                        "tainted": false
                    },
                    "deposed": [],
                    "provider": "provider.aws"
                },
                "aws_lb_target_group_attachment.master.8": {
                    "type": "aws_lb_target_group_attachment",
                    "depends_on": [
                        "aws_instance.master.*"
                    ],
                    "primary": {
                        "id": "arn:aws:elasticloadbalancing:us-east-1:375630183866:targetgroup/openshift-nonprod-w6gj9-aext/bd4594803fc0c78d-20190516194040933300000006",
                        "attributes": {
                            "id": "arn:aws:elasticloadbalancing:us-east-1:375630183866:targetgroup/openshift-nonprod-w6gj9-aext/bd4594803fc0c78d-20190516194040933300000006",
                            "target_group_arn": "arn:aws:elasticloadbalancing:us-east-1:375630183866:targetgroup/openshift-nonprod-w6gj9-aext/bd4594803fc0c78d",
                            "target_id": "10.0.164.253"
                        },
                        "meta": {},
                        "tainted": false
                    },
                    "deposed": [],
                    "provider": "provider.aws"
                },
                "aws_network_interface.master.0": {
                    "type": "aws_network_interface",
                    "depends_on": [],
                    "primary": {
                        "id": "eni-058907a3ccbd60ce4",
                        "attributes": {
                            "attachment.#": "0",
                            "description": "",
                            "id": "eni-058907a3ccbd60ce4",
                            "private_dns_name": "ip-10-0-129-130.ec2.internal",
                            "private_ip": "10.0.129.130",
                            "private_ips.#": "1",
                            "private_ips.319530060": "10.0.129.130",
                            "security_groups.#": "1",
                            "security_groups.2744031008": "sg-0d85d57546eb4943c",
                            "source_dest_check": "true",
                            "subnet_id": "subnet-0618015e5abc882bd",
                            "tags.%": "2",
                            "tags.Name": "openshift-nonprod-w6gj9-master-0",
                            "tags.kubernetes.io/cluster/openshift-nonprod-w6gj9": "owned"
                        },
                        "meta": {},
                        "tainted": false
                    },
                    "deposed": [],
                    "provider": "provider.aws"
                },
                "aws_network_interface.master.1": {
                    "type": "aws_network_interface",
                    "depends_on": [],
                    "primary": {
                        "id": "eni-0558235f450f42a3b",
                        "attributes": {
                            "attachment.#": "0",
                            "description": "",
                            "id": "eni-0558235f450f42a3b",
                            "private_dns_name": "ip-10-0-148-151.ec2.internal",
                            "private_ip": "10.0.148.151",
                            "private_ips.#": "1",
                            "private_ips.3647994353": "10.0.148.151",
                            "security_groups.#": "1",
                            "security_groups.2744031008": "sg-0d85d57546eb4943c",
                            "source_dest_check": "true",
                            "subnet_id": "subnet-06f905b3ff98d37ec",
                            "tags.%": "2",
                            "tags.Name": "openshift-nonprod-w6gj9-master-1",
                            "tags.kubernetes.io/cluster/openshift-nonprod-w6gj9": "owned"
                        },
                        "meta": {},
                        "tainted": false
                    },
                    "deposed": [],
                    "provider": "provider.aws"
                },
                "aws_network_interface.master.2": {
                    "type": "aws_network_interface",
                    "depends_on": [],
                    "primary": {
                        "id": "eni-0d19654dacb5c3af7",
                        "attributes": {
                            "attachment.#": "0",
                            "description": "",
                            "id": "eni-0d19654dacb5c3af7",
                            "private_dns_name": "ip-10-0-164-253.ec2.internal",
                            "private_ip": "10.0.164.253",
                            "private_ips.#": "1",
                            "private_ips.3172952718": "10.0.164.253",
                            "security_groups.#": "1",
                            "security_groups.2744031008": "sg-0d85d57546eb4943c",
                            "source_dest_check": "true",
                            "subnet_id": "subnet-0e4304b80f639e30b",
                            "tags.%": "2",
                            "tags.Name": "openshift-nonprod-w6gj9-master-2",
                            "tags.kubernetes.io/cluster/openshift-nonprod-w6gj9": "owned"
                        },
                        "meta": {},
                        "tainted": false
                    },
                    "deposed": [],
                    "provider": "provider.aws"
                }
            },
            "depends_on": []
        },
        {
            "path": [
                "root",
                "vpc"
            ],
            "outputs": {
                "aws_lb_api_external_dns_name": {
                    "sensitive": false,
                    "type": "string",
                    "value": "openshift-nonprod-w6gj9-ext-f54c8b14fb6046fd.elb.us-east-1.amazonaws.com"
                },
                "aws_lb_api_external_zone_id": {
                    "sensitive": false,
                    "type": "string",
                    "value": "Z26RNL4JYFTOTI"
                },
                "aws_lb_api_internal_dns_name": {
                    "sensitive": false,
                    "type": "string",
                    "value": "openshift-nonprod-w6gj9-int-5ea5bb40dc133f8b.elb.us-east-1.amazonaws.com"
                },
                "aws_lb_api_internal_zone_id": {
                    "sensitive": false,
                    "type": "string",
                    "value": "Z26RNL4JYFTOTI"
                },
                "aws_lb_target_group_arns": {
                    "sensitive": false,
                    "type": "list",
                    "value": [
                        "arn:aws:elasticloadbalancing:us-east-1:375630183866:targetgroup/openshift-nonprod-w6gj9-aint/70a3d667168d01f6",
                        "arn:aws:elasticloadbalancing:us-east-1:375630183866:targetgroup/openshift-nonprod-w6gj9-sint/76979e1cfbb15d2d",
                        "arn:aws:elasticloadbalancing:us-east-1:375630183866:targetgroup/openshift-nonprod-w6gj9-aext/bd4594803fc0c78d"
                    ]
                },
                "aws_lb_target_group_arns_length": {
                    "sensitive": false,
                    "type": "string",
                    "value": "3"
                },
                "az_to_private_subnet_id": {
                    "sensitive": false,
                    "type": "map",
                    "value": {
                        "us-east-1a": "subnet-0618015e5abc882bd",
                        "us-east-1b": "subnet-06f905b3ff98d37ec",
                        "us-east-1c": "subnet-0e4304b80f639e30b"
                    }
                },
                "az_to_public_subnet_id": {
                    "sensitive": false,
                    "type": "map",
                    "value": {
                        "us-east-1a": "subnet-0b270e7971f4b0089",
                        "us-east-1b": "subnet-0c8dae15e7af10f65",
                        "us-east-1c": "subnet-0dd9eac8975361719"
                    }
                },
                "master_sg_id": {
                    "sensitive": false,
                    "type": "string",
                    "value": "sg-0d85d57546eb4943c"
                },
                "private_subnet_ids": {
                    "sensitive": false,
                    "type": "list",
                    "value": [
                        "subnet-0618015e5abc882bd",
                        "subnet-06f905b3ff98d37ec",
                        "subnet-0e4304b80f639e30b"
                    ]
                },
                "public_subnet_ids": {
                    "sensitive": false,
                    "type": "list",
                    "value": [
                        "subnet-0b270e7971f4b0089",
                        "subnet-0c8dae15e7af10f65",
                        "subnet-0dd9eac8975361719"
                    ]
                },
                "vpc_id": {
                    "sensitive": false,
                    "type": "string",
                    "value": "vpc-0463ec22ce255ac06"
                },
                "worker_sg_id": {
                    "sensitive": false,
                    "type": "string",
                    "value": "sg-06d612c8636f7ac81"
                }
            },
            "resources": {
                "aws_eip.nat_eip.0": {
                    "type": "aws_eip",
                    "depends_on": [
                        "aws_internet_gateway.igw",
                        "local.new_az_count"
                    ],
                    "primary": {
                        "id": "eipalloc-035fc9eff738d1582",
                        "attributes": {
                            "association_id": "",
                            "domain": "vpc",
                            "id": "eipalloc-035fc9eff738d1582",
                            "instance": "",
                            "network_interface": "",
                            "private_ip": "",
                            "public_dns": "ec2-107-22-73-10.compute-1.amazonaws.com",
                            "public_ip": "107.22.73.10",
                            "public_ipv4_pool": "amazon",
                            "tags.%": "2",
                            "tags.Name": "openshift-nonprod-w6gj9-eip-us-east-1a",
                            "tags.kubernetes.io/cluster/openshift-nonprod-w6gj9": "owned",
                            "vpc": "true"
                        },
                        "meta": {
                            "e2bfb730-ecaa-11e6-8f88-34363bc7c4c0": {
                                "delete": 180000000000,
                                "read": 900000000000,
                                "update": 300000000000
                            }
                        },
                        "tainted": false
                    },
                    "deposed": [],
                    "provider": "provider.aws"
                },
                "aws_eip.nat_eip.1": {
                    "type": "aws_eip",
                    "depends_on": [
                        "aws_internet_gateway.igw",
                        "local.new_az_count"
                    ],
                    "primary": {
                        "id": "eipalloc-003e18cfe702270e6",
                        "attributes": {
                            "association_id": "",
                            "domain": "vpc",
                            "id": "eipalloc-003e18cfe702270e6",
                            "instance": "",
                            "network_interface": "",
                            "private_ip": "",
                            "public_dns": "ec2-3-216-198-133.compute-1.amazonaws.com",
                            "public_ip": "3.216.198.133",
                            "public_ipv4_pool": "amazon",
                            "tags.%": "2",
                            "tags.Name": "openshift-nonprod-w6gj9-eip-us-east-1b",
                            "tags.kubernetes.io/cluster/openshift-nonprod-w6gj9": "owned",
                            "vpc": "true"
                        },
                        "meta": {
                            "e2bfb730-ecaa-11e6-8f88-34363bc7c4c0": {
                                "delete": 180000000000,
                                "read": 900000000000,
                                "update": 300000000000
                            }
                        },
                        "tainted": false
                    },
                    "deposed": [],
                    "provider": "provider.aws"
                },
                "aws_eip.nat_eip.2": {
                    "type": "aws_eip",
                    "depends_on": [
                        "aws_internet_gateway.igw",
                        "local.new_az_count"
                    ],
                    "primary": {
                        "id": "eipalloc-00e9041cfa87d8368",
                        "attributes": {
                            "association_id": "",
                            "domain": "vpc",
                            "id": "eipalloc-00e9041cfa87d8368",
                            "instance": "",
                            "network_interface": "",
                            "private_ip": "",
                            "public_dns": "ec2-35-169-142-65.compute-1.amazonaws.com",
                            "public_ip": "35.169.142.65",
                            "public_ipv4_pool": "amazon",
                            "tags.%": "2",
                            "tags.Name": "openshift-nonprod-w6gj9-eip-us-east-1c",
                            "tags.kubernetes.io/cluster/openshift-nonprod-w6gj9": "owned",
                            "vpc": "true"
                        },
                        "meta": {
                            "e2bfb730-ecaa-11e6-8f88-34363bc7c4c0": {
                                "delete": 180000000000,
                                "read": 900000000000,
                                "update": 300000000000
                            }
                        },
                        "tainted": false
                    },
                    "deposed": [],
                    "provider": "provider.aws"
                },
                "aws_internet_gateway.igw": {
                    "type": "aws_internet_gateway",
                    "depends_on": [
                        "data.aws_vpc.cluster_vpc"
                    ],
                    "primary": {
                        "id": "igw-0e9eee2b4db4c1011",
                        "attributes": {
                            "id": "igw-0e9eee2b4db4c1011",
                            "owner_id": "375630183866",
                            "tags.%": "2",
                            "tags.Name": "openshift-nonprod-w6gj9-igw",
                            "tags.kubernetes.io/cluster/openshift-nonprod-w6gj9": "owned",
                            "vpc_id": "vpc-0463ec22ce255ac06"
                        },
                        "meta": {},
                        "tainted": false
                    },
                    "deposed": [],
                    "provider": "provider.aws"
                },
                "aws_lb.api_external": {
                    "type": "aws_lb",
                    "depends_on": [
                        "aws_internet_gateway.igw",
                        "local.public_subnet_ids"
                    ],
                    "primary": {
                        "id": "arn:aws:elasticloadbalancing:us-east-1:375630183866:loadbalancer/net/openshift-nonprod-w6gj9-ext/f54c8b14fb6046fd",
                        "attributes": {
                            "access_logs.#": "0",
                            "arn": "arn:aws:elasticloadbalancing:us-east-1:375630183866:loadbalancer/net/openshift-nonprod-w6gj9-ext/f54c8b14fb6046fd",
                            "arn_suffix": "net/openshift-nonprod-w6gj9-ext/f54c8b14fb6046fd",
                            "dns_name": "openshift-nonprod-w6gj9-ext-f54c8b14fb6046fd.elb.us-east-1.amazonaws.com",
                            "enable_cross_zone_load_balancing": "true",
                            "enable_deletion_protection": "false",
                            "id": "arn:aws:elasticloadbalancing:us-east-1:375630183866:loadbalancer/net/openshift-nonprod-w6gj9-ext/f54c8b14fb6046fd",
                            "internal": "false",
                            "ip_address_type": "ipv4",
                            "load_balancer_type": "network",
                            "name": "openshift-nonprod-w6gj9-ext",
                            "security_groups.#": "0",
                            "subnet_mapping.#": "0",
                            "subnets.#": "3",
                            "subnets.149922678": "subnet-0c8dae15e7af10f65",
                            "subnets.2259865651": "subnet-0dd9eac8975361719",
                            "subnets.585765943": "subnet-0b270e7971f4b0089",
                            "tags.%": "2",
                            "tags.Name": "openshift-nonprod-w6gj9-ext",
                            "tags.kubernetes.io/cluster/openshift-nonprod-w6gj9": "owned",
                            "vpc_id": "vpc-0463ec22ce255ac06",
                            "zone_id": "Z26RNL4JYFTOTI"
                        },
                        "meta": {
                            "e2bfb730-ecaa-11e6-8f88-34363bc7c4c0": {
                                "create": 600000000000,
                                "delete": 600000000000,
                                "update": 600000000000
                            }
                        },
                        "tainted": false
                    },
                    "deposed": [],
                    "provider": "provider.aws"
                },
                "aws_lb.api_internal": {
                    "type": "aws_lb",
                    "depends_on": [
                        "aws_internet_gateway.igw",
                        "local.private_subnet_ids"
                    ],
                    "primary": {
                        "id": "arn:aws:elasticloadbalancing:us-east-1:375630183866:loadbalancer/net/openshift-nonprod-w6gj9-int/5ea5bb40dc133f8b",
                        "attributes": {
                            "access_logs.#": "0",
                            "arn": "arn:aws:elasticloadbalancing:us-east-1:375630183866:loadbalancer/net/openshift-nonprod-w6gj9-int/5ea5bb40dc133f8b",
                            "arn_suffix": "net/openshift-nonprod-w6gj9-int/5ea5bb40dc133f8b",
                            "dns_name": "openshift-nonprod-w6gj9-int-5ea5bb40dc133f8b.elb.us-east-1.amazonaws.com",
                            "enable_cross_zone_load_balancing": "true",
                            "enable_deletion_protection": "false",
                            "id": "arn:aws:elasticloadbalancing:us-east-1:375630183866:loadbalancer/net/openshift-nonprod-w6gj9-int/5ea5bb40dc133f8b",
                            "internal": "true",
                            "ip_address_type": "ipv4",
                            "load_balancer_type": "network",
                            "name": "openshift-nonprod-w6gj9-int",
                            "security_groups.#": "0",
                            "subnet_mapping.#": "0",
                            "subnets.#": "3",
                            "subnets.1472781905": "subnet-06f905b3ff98d37ec",
                            "subnets.3260777551": "subnet-0618015e5abc882bd",
                            "subnets.634669294": "subnet-0e4304b80f639e30b",
                            "tags.%": "2",
                            "tags.Name": "openshift-nonprod-w6gj9-int",
                            "tags.kubernetes.io/cluster/openshift-nonprod-w6gj9": "owned",
                            "vpc_id": "vpc-0463ec22ce255ac06",
                            "zone_id": "Z26RNL4JYFTOTI"
                        },
                        "meta": {
                            "e2bfb730-ecaa-11e6-8f88-34363bc7c4c0": {
                                "create": 600000000000,
                                "delete": 600000000000,
                                "update": 600000000000
                            }
                        },
                        "tainted": false
                    },
                    "deposed": [],
                    "provider": "provider.aws"
                },
                "aws_lb_listener.api_external_api": {
                    "type": "aws_lb_listener",
                    "depends_on": [
                        "aws_lb.api_external",
                        "aws_lb_target_group.api_external"
                    ],
                    "primary": {
                        "id": "arn:aws:elasticloadbalancing:us-east-1:375630183866:listener/net/openshift-nonprod-w6gj9-ext/f54c8b14fb6046fd/0c175ee4589e34bb",
                        "attributes": {
                            "arn": "arn:aws:elasticloadbalancing:us-east-1:375630183866:listener/net/openshift-nonprod-w6gj9-ext/f54c8b14fb6046fd/0c175ee4589e34bb",
                            "default_action.#": "1",
                            "default_action.0.authenticate_cognito.#": "0",
                            "default_action.0.authenticate_oidc.#": "0",
                            "default_action.0.fixed_response.#": "0",
                            "default_action.0.order": "1",
                            "default_action.0.redirect.#": "0",
                            "default_action.0.target_group_arn": "arn:aws:elasticloadbalancing:us-east-1:375630183866:targetgroup/openshift-nonprod-w6gj9-aext/bd4594803fc0c78d",
                            "default_action.0.type": "forward",
                            "id": "arn:aws:elasticloadbalancing:us-east-1:375630183866:listener/net/openshift-nonprod-w6gj9-ext/f54c8b14fb6046fd/0c175ee4589e34bb",
                            "load_balancer_arn": "arn:aws:elasticloadbalancing:us-east-1:375630183866:loadbalancer/net/openshift-nonprod-w6gj9-ext/f54c8b14fb6046fd",
                            "port": "6443",
                            "protocol": "TCP",
                            "ssl_policy": ""
                        },
                        "meta": {
                            "e2bfb730-ecaa-11e6-8f88-34363bc7c4c0": {
                                "read": 600000000000
                            }
                        },
                        "tainted": false
                    },
                    "deposed": [],
                    "provider": "provider.aws"
                },
                "aws_lb_listener.api_internal_api": {
                    "type": "aws_lb_listener",
                    "depends_on": [
                        "aws_lb.api_internal",
                        "aws_lb_target_group.api_internal"
                    ],
                    "primary": {
                        "id": "arn:aws:elasticloadbalancing:us-east-1:375630183866:listener/net/openshift-nonprod-w6gj9-int/5ea5bb40dc133f8b/98570866578cdf9f",
                        "attributes": {
                            "arn": "arn:aws:elasticloadbalancing:us-east-1:375630183866:listener/net/openshift-nonprod-w6gj9-int/5ea5bb40dc133f8b/98570866578cdf9f",
                            "default_action.#": "1",
                            "default_action.0.authenticate_cognito.#": "0",
                            "default_action.0.authenticate_oidc.#": "0",
                            "default_action.0.fixed_response.#": "0",
                            "default_action.0.order": "1",
                            "default_action.0.redirect.#": "0",
                            "default_action.0.target_group_arn": "arn:aws:elasticloadbalancing:us-east-1:375630183866:targetgroup/openshift-nonprod-w6gj9-aint/70a3d667168d01f6",
                            "default_action.0.type": "forward",
                            "id": "arn:aws:elasticloadbalancing:us-east-1:375630183866:listener/net/openshift-nonprod-w6gj9-int/5ea5bb40dc133f8b/98570866578cdf9f",
                            "load_balancer_arn": "arn:aws:elasticloadbalancing:us-east-1:375630183866:loadbalancer/net/openshift-nonprod-w6gj9-int/5ea5bb40dc133f8b",
                            "port": "6443",
                            "protocol": "TCP",
                            "ssl_policy": ""
                        },
                        "meta": {
                            "e2bfb730-ecaa-11e6-8f88-34363bc7c4c0": {
                                "read": 600000000000
                            }
                        },
                        "tainted": false
                    },
                    "deposed": [],
                    "provider": "provider.aws"
                },
                "aws_lb_listener.api_internal_services": {
                    "type": "aws_lb_listener",
                    "depends_on": [
                        "aws_lb.api_internal",
                        "aws_lb_target_group.services"
                    ],
                    "primary": {
                        "id": "arn:aws:elasticloadbalancing:us-east-1:375630183866:listener/net/openshift-nonprod-w6gj9-int/5ea5bb40dc133f8b/dbc75afdccdbc104",
                        "attributes": {
                            "arn": "arn:aws:elasticloadbalancing:us-east-1:375630183866:listener/net/openshift-nonprod-w6gj9-int/5ea5bb40dc133f8b/dbc75afdccdbc104",
                            "default_action.#": "1",
                            "default_action.0.authenticate_cognito.#": "0",
                            "default_action.0.authenticate_oidc.#": "0",
                            "default_action.0.fixed_response.#": "0",
                            "default_action.0.order": "1",
                            "default_action.0.redirect.#": "0",
                            "default_action.0.target_group_arn": "arn:aws:elasticloadbalancing:us-east-1:375630183866:targetgroup/openshift-nonprod-w6gj9-sint/76979e1cfbb15d2d",
                            "default_action.0.type": "forward",
                            "id": "arn:aws:elasticloadbalancing:us-east-1:375630183866:listener/net/openshift-nonprod-w6gj9-int/5ea5bb40dc133f8b/dbc75afdccdbc104",
                            "load_balancer_arn": "arn:aws:elasticloadbalancing:us-east-1:375630183866:loadbalancer/net/openshift-nonprod-w6gj9-int/5ea5bb40dc133f8b",
                            "port": "22623",
                            "protocol": "TCP",
                            "ssl_policy": ""
                        },
                        "meta": {
                            "e2bfb730-ecaa-11e6-8f88-34363bc7c4c0": {
                                "read": 600000000000
                            }
                        },
                        "tainted": false
                    },
                    "deposed": [],
                    "provider": "provider.aws"
                },
                "aws_lb_target_group.api_external": {
                    "type": "aws_lb_target_group",
                    "depends_on": [
                        "local.vpc_id"
                    ],
                    "primary": {
                        "id": "arn:aws:elasticloadbalancing:us-east-1:375630183866:targetgroup/openshift-nonprod-w6gj9-aext/bd4594803fc0c78d",
                        "attributes": {
                            "arn": "arn:aws:elasticloadbalancing:us-east-1:375630183866:targetgroup/openshift-nonprod-w6gj9-aext/bd4594803fc0c78d",
                            "arn_suffix": "targetgroup/openshift-nonprod-w6gj9-aext/bd4594803fc0c78d",
                            "deregistration_delay": "300",
                            "health_check.#": "1",
                            "health_check.0.healthy_threshold": "2",
                            "health_check.0.interval": "10",
                            "health_check.0.matcher": "200-399",
                            "health_check.0.path": "/readyz",
                            "health_check.0.port": "6443",
                            "health_check.0.protocol": "HTTPS",
                            "health_check.0.timeout": "10",
                            "health_check.0.unhealthy_threshold": "2",
                            "id": "arn:aws:elasticloadbalancing:us-east-1:375630183866:targetgroup/openshift-nonprod-w6gj9-aext/bd4594803fc0c78d",
                            "lambda_multi_value_headers_enabled": "false",
                            "name": "openshift-nonprod-w6gj9-aext",
                            "port": "6443",
                            "protocol": "TCP",
                            "proxy_protocol_v2": "false",
                            "slow_start": "0",
                            "stickiness.#": "0",
                            "tags.%": "2",
                            "tags.Name": "openshift-nonprod-w6gj9-aext",
                            "tags.kubernetes.io/cluster/openshift-nonprod-w6gj9": "owned",
                            "target_type": "ip",
                            "vpc_id": "vpc-0463ec22ce255ac06"
                        },
                        "meta": {},
                        "tainted": false
                    },
                    "deposed": [],
                    "provider": "provider.aws"
                },
                "aws_lb_target_group.api_internal": {
                    "type": "aws_lb_target_group",
                    "depends_on": [
                        "local.vpc_id"
                    ],
                    "primary": {
                        "id": "arn:aws:elasticloadbalancing:us-east-1:375630183866:targetgroup/openshift-nonprod-w6gj9-aint/70a3d667168d01f6",
                        "attributes": {
                            "arn": "arn:aws:elasticloadbalancing:us-east-1:375630183866:targetgroup/openshift-nonprod-w6gj9-aint/70a3d667168d01f6",
                            "arn_suffix": "targetgroup/openshift-nonprod-w6gj9-aint/70a3d667168d01f6",
                            "deregistration_delay": "300",
                            "health_check.#": "1",
                            "health_check.0.healthy_threshold": "2",
                            "health_check.0.interval": "10",
                            "health_check.0.matcher": "200-399",
                            "health_check.0.path": "/readyz",
                            "health_check.0.port": "6443",
                            "health_check.0.protocol": "HTTPS",
                            "health_check.0.timeout": "10",
                            "health_check.0.unhealthy_threshold": "2",
                            "id": "arn:aws:elasticloadbalancing:us-east-1:375630183866:targetgroup/openshift-nonprod-w6gj9-aint/70a3d667168d01f6",
                            "lambda_multi_value_headers_enabled": "false",
                            "name": "openshift-nonprod-w6gj9-aint",
                            "port": "6443",
                            "protocol": "TCP",
                            "proxy_protocol_v2": "false",
                            "slow_start": "0",
                            "stickiness.#": "0",
                            "tags.%": "2",
                            "tags.Name": "openshift-nonprod-w6gj9-aint",
                            "tags.kubernetes.io/cluster/openshift-nonprod-w6gj9": "owned",
                            "target_type": "ip",
                            "vpc_id": "vpc-0463ec22ce255ac06"
                        },
                        "meta": {},
                        "tainted": false
                    },
                    "deposed": [],
                    "provider": "provider.aws"
                },
                "aws_lb_target_group.services": {
                    "type": "aws_lb_target_group",
                    "depends_on": [
                        "local.vpc_id"
                    ],
                    "primary": {
                        "id": "arn:aws:elasticloadbalancing:us-east-1:375630183866:targetgroup/openshift-nonprod-w6gj9-sint/76979e1cfbb15d2d",
                        "attributes": {
                            "arn": "arn:aws:elasticloadbalancing:us-east-1:375630183866:targetgroup/openshift-nonprod-w6gj9-sint/76979e1cfbb15d2d",
                            "arn_suffix": "targetgroup/openshift-nonprod-w6gj9-sint/76979e1cfbb15d2d",
                            "deregistration_delay": "300",
                            "health_check.#": "1",
                            "health_check.0.healthy_threshold": "2",
                            "health_check.0.interval": "10",
                            "health_check.0.matcher": "200-399",
                            "health_check.0.path": "/healthz",
                            "health_check.0.port": "22623",
                            "health_check.0.protocol": "HTTPS",
                            "health_check.0.timeout": "10",
                            "health_check.0.unhealthy_threshold": "2",
                            "id": "arn:aws:elasticloadbalancing:us-east-1:375630183866:targetgroup/openshift-nonprod-w6gj9-sint/76979e1cfbb15d2d",
                            "lambda_multi_value_headers_enabled": "false",
                            "name": "openshift-nonprod-w6gj9-sint",
                            "port": "22623",
                            "protocol": "TCP",
                            "proxy_protocol_v2": "false",
                            "slow_start": "0",
                            "stickiness.#": "0",
                            "tags.%": "2",
                            "tags.Name": "openshift-nonprod-w6gj9-sint",
                            "tags.kubernetes.io/cluster/openshift-nonprod-w6gj9": "owned",
                            "target_type": "ip",
                            "vpc_id": "vpc-0463ec22ce255ac06"
                        },
                        "meta": {},
                        "tainted": false
                    },
                    "deposed": [],
                    "provider": "provider.aws"
                },
                "aws_main_route_table_association.main_vpc_routes": {
                    "type": "aws_main_route_table_association",
                    "depends_on": [
                        "aws_route_table.default",
                        "data.aws_vpc.cluster_vpc"
                    ],
                    "primary": {
                        "id": "rtbassoc-0abe63ef2532d3db4",
                        "attributes": {
                            "id": "rtbassoc-0abe63ef2532d3db4",
                            "original_route_table_id": "rtb-0bfe71aeafe3596d9",
                            "route_table_id": "rtb-086f191688e1e092f",
                            "vpc_id": "vpc-0463ec22ce255ac06"
                        },
                        "meta": {},
                        "tainted": false
                    },
                    "deposed": [],
                    "provider": "provider.aws"
                },
                "aws_nat_gateway.nat_gw.0": {
                    "type": "aws_nat_gateway",
                    "depends_on": [
                        "aws_eip.nat_eip.*",
                        "aws_subnet.public_subnet.*",
                        "local.new_az_count"
                    ],
                    "primary": {
                        "id": "nat-0cbd918d35ea561d6",
                        "attributes": {
                            "allocation_id": "eipalloc-035fc9eff738d1582",
                            "id": "nat-0cbd918d35ea561d6",
                            "network_interface_id": "eni-00e674dec925dfa63",
                            "private_ip": "10.0.11.23",
                            "public_ip": "107.22.73.10",
                            "subnet_id": "subnet-0b270e7971f4b0089",
                            "tags.%": "2",
                            "tags.Name": "openshift-nonprod-w6gj9-nat-us-east-1a",
                            "tags.kubernetes.io/cluster/openshift-nonprod-w6gj9": "owned"
                        },
                        "meta": {},
                        "tainted": false
                    },
                    "deposed": [],
                    "provider": "provider.aws"
                },
                "aws_nat_gateway.nat_gw.1": {
                    "type": "aws_nat_gateway",
                    "depends_on": [
                        "aws_eip.nat_eip.*",
                        "aws_subnet.public_subnet.*",
                        "local.new_az_count"
                    ],
                    "primary": {
                        "id": "nat-0085f916229e3eda4",
                        "attributes": {
                            "allocation_id": "eipalloc-003e18cfe702270e6",
                            "id": "nat-0085f916229e3eda4",
                            "network_interface_id": "eni-05e24bb3df4763a05",
                            "private_ip": "10.0.25.74",
                            "public_ip": "3.216.198.133",
                            "subnet_id": "subnet-0c8dae15e7af10f65",
                            "tags.%": "2",
                            "tags.Name": "openshift-nonprod-w6gj9-nat-us-east-1b",
                            "tags.kubernetes.io/cluster/openshift-nonprod-w6gj9": "owned"
                        },
                        "meta": {},
                        "tainted": false
                    },
                    "deposed": [],
                    "provider": "provider.aws"
                },
                "aws_nat_gateway.nat_gw.2": {
                    "type": "aws_nat_gateway",
                    "depends_on": [
                        "aws_eip.nat_eip.*",
                        "aws_subnet.public_subnet.*",
                        "local.new_az_count"
                    ],
                    "primary": {
                        "id": "nat-00cc25357e25c348d",
                        "attributes": {
                            "allocation_id": "eipalloc-00e9041cfa87d8368",
                            "id": "nat-00cc25357e25c348d",
                            "network_interface_id": "eni-07242fd683fbefd11",
                            "private_ip": "10.0.35.55",
                            "public_ip": "35.169.142.65",
                            "subnet_id": "subnet-0dd9eac8975361719",
                            "tags.%": "2",
                            "tags.Name": "openshift-nonprod-w6gj9-nat-us-east-1c",
                            "tags.kubernetes.io/cluster/openshift-nonprod-w6gj9": "owned"
                        },
                        "meta": {},
                        "tainted": false
                    },
                    "deposed": [],
                    "provider": "provider.aws"
                },
                "aws_route.igw_route": {
                    "type": "aws_route",
                    "depends_on": [
                        "aws_internet_gateway.igw",
                        "aws_route_table.default"
                    ],
                    "primary": {
                        "id": "r-rtb-086f191688e1e092f1080289494",
                        "attributes": {
                            "destination_cidr_block": "0.0.0.0/0",
                            "destination_prefix_list_id": "",
                            "egress_only_gateway_id": "",
                            "gateway_id": "igw-0e9eee2b4db4c1011",
                            "id": "r-rtb-086f191688e1e092f1080289494",
                            "instance_id": "",
                            "instance_owner_id": "",
                            "nat_gateway_id": "",
                            "network_interface_id": "",
                            "origin": "CreateRoute",
                            "route_table_id": "rtb-086f191688e1e092f",
                            "state": "active",
                            "transit_gateway_id": "",
                            "vpc_peering_connection_id": ""
                        },
                        "meta": {
                            "e2bfb730-ecaa-11e6-8f88-34363bc7c4c0": {
                                "create": 1200000000000,
                                "delete": 300000000000
                            }
                        },
                        "tainted": false
                    },
                    "deposed": [],
                    "provider": "provider.aws"
                },
                "aws_route.to_nat_gw.0": {
                    "type": "aws_route",
                    "depends_on": [
                        "aws_nat_gateway.nat_gw.*",
                        "aws_route_table.private_routes",
                        "aws_route_table.private_routes.*",
                        "local.new_az_count"
                    ],
                    "primary": {
                        "id": "r-rtb-0b8660137fed1ce431080289494",
                        "attributes": {
                            "destination_cidr_block": "0.0.0.0/0",
                            "destination_prefix_list_id": "",
                            "egress_only_gateway_id": "",
                            "gateway_id": "",
                            "id": "r-rtb-0b8660137fed1ce431080289494",
                            "instance_id": "",
                            "instance_owner_id": "",
                            "nat_gateway_id": "nat-0cbd918d35ea561d6",
                            "network_interface_id": "",
                            "origin": "CreateRoute",
                            "route_table_id": "rtb-0b8660137fed1ce43",
                            "state": "active",
                            "transit_gateway_id": "",
                            "vpc_peering_connection_id": ""
                        },
                        "meta": {
                            "e2bfb730-ecaa-11e6-8f88-34363bc7c4c0": {
                                "create": 1200000000000,
                                "delete": 300000000000
                            }
                        },
                        "tainted": false
                    },
                    "deposed": [],
                    "provider": "provider.aws"
                },
                "aws_route.to_nat_gw.1": {
                    "type": "aws_route",
                    "depends_on": [
                        "aws_nat_gateway.nat_gw.*",
                        "aws_route_table.private_routes",
                        "aws_route_table.private_routes.*",
                        "local.new_az_count"
                    ],
                    "primary": {
                        "id": "r-rtb-099d65ed12f1406a91080289494",
                        "attributes": {
                            "destination_cidr_block": "0.0.0.0/0",
                            "destination_prefix_list_id": "",
                            "egress_only_gateway_id": "",
                            "gateway_id": "",
                            "id": "r-rtb-099d65ed12f1406a91080289494",
                            "instance_id": "",
                            "instance_owner_id": "",
                            "nat_gateway_id": "nat-0085f916229e3eda4",
                            "network_interface_id": "",
                            "origin": "CreateRoute",
                            "route_table_id": "rtb-099d65ed12f1406a9",
                            "state": "active",
                            "transit_gateway_id": "",
                            "vpc_peering_connection_id": ""
                        },
                        "meta": {
                            "e2bfb730-ecaa-11e6-8f88-34363bc7c4c0": {
                                "create": 1200000000000,
                                "delete": 300000000000
                            }
                        },
                        "tainted": false
                    },
                    "deposed": [],
                    "provider": "provider.aws"
                },
                "aws_route.to_nat_gw.2": {
                    "type": "aws_route",
                    "depends_on": [
                        "aws_nat_gateway.nat_gw.*",
                        "aws_route_table.private_routes",
                        "aws_route_table.private_routes.*",
                        "local.new_az_count"
                    ],
                    "primary": {
                        "id": "r-rtb-0efbe889840554d9d1080289494",
                        "attributes": {
                            "destination_cidr_block": "0.0.0.0/0",
                            "destination_prefix_list_id": "",
                            "egress_only_gateway_id": "",
                            "gateway_id": "",
                            "id": "r-rtb-0efbe889840554d9d1080289494",
                            "instance_id": "",
                            "instance_owner_id": "",
                            "nat_gateway_id": "nat-00cc25357e25c348d",
                            "network_interface_id": "",
                            "origin": "CreateRoute",
                            "route_table_id": "rtb-0efbe889840554d9d",
                            "state": "active",
                            "transit_gateway_id": "",
                            "vpc_peering_connection_id": ""
                        },
                        "meta": {
                            "e2bfb730-ecaa-11e6-8f88-34363bc7c4c0": {
                                "create": 1200000000000,
                                "delete": 300000000000
                            }
                        },
                        "tainted": false
                    },
                    "deposed": [],
                    "provider": "provider.aws"
                },
                "aws_route_table.default": {
                    "type": "aws_route_table",
                    "depends_on": [
                        "data.aws_vpc.cluster_vpc"
                    ],
                    "primary": {
                        "id": "rtb-086f191688e1e092f",
                        "attributes": {
                            "id": "rtb-086f191688e1e092f",
                            "owner_id": "375630183866",
                            "propagating_vgws.#": "0",
                            "route.#": "0",
                            "tags.%": "2",
                            "tags.Name": "openshift-nonprod-w6gj9-public",
                            "tags.kubernetes.io/cluster/openshift-nonprod-w6gj9": "owned",
                            "vpc_id": "vpc-0463ec22ce255ac06"
                        },
                        "meta": {},
                        "tainted": false
                    },
                    "deposed": [],
                    "provider": "provider.aws"
                },
                "aws_route_table.private_routes.0": {
                    "type": "aws_route_table",
                    "depends_on": [
                        "data.aws_vpc.cluster_vpc",
                        "local.new_az_count"
                    ],
                    "primary": {
                        "id": "rtb-0b8660137fed1ce43",
                        "attributes": {
                            "id": "rtb-0b8660137fed1ce43",
                            "owner_id": "375630183866",
                            "propagating_vgws.#": "0",
                            "route.#": "0",
                            "tags.%": "2",
                            "tags.Name": "openshift-nonprod-w6gj9-private-us-east-1a",
                            "tags.kubernetes.io/cluster/openshift-nonprod-w6gj9": "owned",
                            "vpc_id": "vpc-0463ec22ce255ac06"
                        },
                        "meta": {},
                        "tainted": false
                    },
                    "deposed": [],
                    "provider": "provider.aws"
                },
                "aws_route_table.private_routes.1": {
                    "type": "aws_route_table",
                    "depends_on": [
                        "data.aws_vpc.cluster_vpc",
                        "local.new_az_count"
                    ],
                    "primary": {
                        "id": "rtb-099d65ed12f1406a9",
                        "attributes": {
                            "id": "rtb-099d65ed12f1406a9",
                            "owner_id": "375630183866",
                            "propagating_vgws.#": "0",
                            "route.#": "0",
                            "tags.%": "2",
                            "tags.Name": "openshift-nonprod-w6gj9-private-us-east-1b",
                            "tags.kubernetes.io/cluster/openshift-nonprod-w6gj9": "owned",
                            "vpc_id": "vpc-0463ec22ce255ac06"
                        },
                        "meta": {},
                        "tainted": false
                    },
                    "deposed": [],
                    "provider": "provider.aws"
                },
                "aws_route_table.private_routes.2": {
                    "type": "aws_route_table",
                    "depends_on": [
                        "data.aws_vpc.cluster_vpc",
                        "local.new_az_count"
                    ],
                    "primary": {
                        "id": "rtb-0efbe889840554d9d",
                        "attributes": {
                            "id": "rtb-0efbe889840554d9d",
                            "owner_id": "375630183866",
                            "propagating_vgws.#": "0",
                            "route.#": "0",
                            "tags.%": "2",
                            "tags.Name": "openshift-nonprod-w6gj9-private-us-east-1c",
                            "tags.kubernetes.io/cluster/openshift-nonprod-w6gj9": "owned",
                            "vpc_id": "vpc-0463ec22ce255ac06"
                        },
                        "meta": {},
                        "tainted": false
                    },
                    "deposed": [],
                    "provider": "provider.aws"
                },
                "aws_route_table_association.private_routing.0": {
                    "type": "aws_route_table_association",
                    "depends_on": [
                        "aws_route_table.private_routes.*",
                        "aws_subnet.private_subnet.*",
                        "local.new_az_count"
                    ],
                    "primary": {
                        "id": "rtbassoc-0b2185220fe4e2fd6",
                        "attributes": {
                            "id": "rtbassoc-0b2185220fe4e2fd6",
                            "route_table_id": "rtb-0b8660137fed1ce43",
                            "subnet_id": "subnet-0618015e5abc882bd"
                        },
                        "meta": {},
                        "tainted": false
                    },
                    "deposed": [],
                    "provider": "provider.aws"
                },
                "aws_route_table_association.private_routing.1": {
                    "type": "aws_route_table_association",
                    "depends_on": [
                        "aws_route_table.private_routes.*",
                        "aws_subnet.private_subnet.*",
                        "local.new_az_count"
                    ],
                    "primary": {
                        "id": "rtbassoc-0fdb0884c777b1fd8",
                        "attributes": {
                            "id": "rtbassoc-0fdb0884c777b1fd8",
                            "route_table_id": "rtb-099d65ed12f1406a9",
                            "subnet_id": "subnet-06f905b3ff98d37ec"
                        },
                        "meta": {},
                        "tainted": false
                    },
                    "deposed": [],
                    "provider": "provider.aws"
                },
                "aws_route_table_association.private_routing.2": {
                    "type": "aws_route_table_association",
                    "depends_on": [
                        "aws_route_table.private_routes.*",
                        "aws_subnet.private_subnet.*",
                        "local.new_az_count"
                    ],
                    "primary": {
                        "id": "rtbassoc-0518c48c4f19ccede",
                        "attributes": {
                            "id": "rtbassoc-0518c48c4f19ccede",
                            "route_table_id": "rtb-0efbe889840554d9d",
                            "subnet_id": "subnet-0e4304b80f639e30b"
                        },
                        "meta": {},
                        "tainted": false
                    },
                    "deposed": [],
                    "provider": "provider.aws"
                },
                "aws_route_table_association.route_net.0": {
                    "type": "aws_route_table_association",
                    "depends_on": [
                        "aws_route_table.default",
                        "aws_subnet.public_subnet.*",
                        "local.new_az_count"
                    ],
                    "primary": {
                        "id": "rtbassoc-0a573c41f822ab085",
                        "attributes": {
                            "id": "rtbassoc-0a573c41f822ab085",
                            "route_table_id": "rtb-086f191688e1e092f",
                            "subnet_id": "subnet-0b270e7971f4b0089"
                        },
                        "meta": {},
                        "tainted": false
                    },
                    "deposed": [],
                    "provider": "provider.aws"
                },
                "aws_route_table_association.route_net.1": {
                    "type": "aws_route_table_association",
                    "depends_on": [
                        "aws_route_table.default",
                        "aws_subnet.public_subnet.*",
                        "local.new_az_count"
                    ],
                    "primary": {
                        "id": "rtbassoc-0ad06e79c433abb5f",
                        "attributes": {
                            "id": "rtbassoc-0ad06e79c433abb5f",
                            "route_table_id": "rtb-086f191688e1e092f",
                            "subnet_id": "subnet-0c8dae15e7af10f65"
                        },
                        "meta": {},
                        "tainted": false
                    },
                    "deposed": [],
                    "provider": "provider.aws"
                },
                "aws_route_table_association.route_net.2": {
                    "type": "aws_route_table_association",
                    "depends_on": [
                        "aws_route_table.default",
                        "aws_subnet.public_subnet.*",
                        "local.new_az_count"
                    ],
                    "primary": {
                        "id": "rtbassoc-0442c752a433cf3bd",
                        "attributes": {
                            "id": "rtbassoc-0442c752a433cf3bd",
                            "route_table_id": "rtb-086f191688e1e092f",
                            "subnet_id": "subnet-0dd9eac8975361719"
                        },
                        "meta": {},
                        "tainted": false
                    },
                    "deposed": [],
                    "provider": "provider.aws"
                },
                "aws_security_group.master": {
                    "type": "aws_security_group",
                    "depends_on": [
                        "data.aws_vpc.cluster_vpc"
                    ],
                    "primary": {
                        "id": "sg-0d85d57546eb4943c",
                        "attributes": {
                            "arn": "arn:aws:ec2:us-east-1:375630183866:security-group/sg-0d85d57546eb4943c",
                            "description": "Managed by Terraform",
                            "egress.#": "1",
                            "egress.482069346.cidr_blocks.#": "1",
                            "egress.482069346.cidr_blocks.0": "0.0.0.0/0",
                            "egress.482069346.description": "",
                            "egress.482069346.from_port": "0",
                            "egress.482069346.ipv6_cidr_blocks.#": "0",
                            "egress.482069346.prefix_list_ids.#": "0",
                            "egress.482069346.protocol": "-1",
                            "egress.482069346.security_groups.#": "0",
                            "egress.482069346.self": "false",
                            "egress.482069346.to_port": "0",
                            "id": "sg-0d85d57546eb4943c",
                            "ingress.#": "13",
                            "ingress.109225191.cidr_blocks.#": "1",
                            "ingress.109225191.cidr_blocks.0": "10.0.0.0/16",
                            "ingress.109225191.description": "",
                            "ingress.109225191.from_port": "6443",
                            "ingress.109225191.ipv6_cidr_blocks.#": "0",
                            "ingress.109225191.prefix_list_ids.#": "0",
                            "ingress.109225191.protocol": "tcp",
                            "ingress.109225191.security_groups.#": "0",
                            "ingress.109225191.self": "false",
                            "ingress.109225191.to_port": "6443",
                            "ingress.1218901800.cidr_blocks.#": "0",
                            "ingress.1218901800.description": "",
                            "ingress.1218901800.from_port": "4789",
                            "ingress.1218901800.ipv6_cidr_blocks.#": "0",
                            "ingress.1218901800.prefix_list_ids.#": "0",
                            "ingress.1218901800.protocol": "udp",
                            "ingress.1218901800.security_groups.#": "1",
                            "ingress.1218901800.security_groups.2938061236": "sg-06d612c8636f7ac81",
                            "ingress.1218901800.self": "true",
                            "ingress.1218901800.to_port": "4789",
                            "ingress.1431068065.cidr_blocks.#": "0",
                            "ingress.1431068065.description": "",
                            "ingress.1431068065.from_port": "2379",
                            "ingress.1431068065.ipv6_cidr_blocks.#": "0",
                            "ingress.1431068065.prefix_list_ids.#": "0",
                            "ingress.1431068065.protocol": "tcp",
                            "ingress.1431068065.security_groups.#": "0",
                            "ingress.1431068065.self": "true",
                            "ingress.1431068065.to_port": "2380",
                            "ingress.188010367.cidr_blocks.#": "0",
                            "ingress.188010367.description": "",
                            "ingress.188010367.from_port": "9000",
                            "ingress.188010367.ipv6_cidr_blocks.#": "0",
                            "ingress.188010367.prefix_list_ids.#": "0",
                            "ingress.188010367.protocol": "udp",
                            "ingress.188010367.security_groups.#": "1",
                            "ingress.188010367.security_groups.2938061236": "sg-06d612c8636f7ac81",
                            "ingress.188010367.self": "true",
                            "ingress.188010367.to_port": "9999",
                            "ingress.2193683359.cidr_blocks.#": "1",
                            "ingress.2193683359.cidr_blocks.0": "10.0.0.0/16",
                            "ingress.2193683359.description": "",
                            "ingress.2193683359.from_port": "22623",
                            "ingress.2193683359.ipv6_cidr_blocks.#": "0",
                            "ingress.2193683359.prefix_list_ids.#": "0",
                            "ingress.2193683359.protocol": "tcp",
                            "ingress.2193683359.security_groups.#": "0",
                            "ingress.2193683359.self": "false",
                            "ingress.2193683359.to_port": "22623",
                            "ingress.2273662916.cidr_blocks.#": "0",
                            "ingress.2273662916.description": "",
                            "ingress.2273662916.from_port": "10250",
                            "ingress.2273662916.ipv6_cidr_blocks.#": "0",
                            "ingress.2273662916.prefix_list_ids.#": "0",
                            "ingress.2273662916.protocol": "tcp",
                            "ingress.2273662916.security_groups.#": "1",
                            "ingress.2273662916.security_groups.2938061236": "sg-06d612c8636f7ac81",
                            "ingress.2273662916.self": "true",
                            "ingress.2273662916.to_port": "10250",
                            "ingress.267302002.cidr_blocks.#": "1",
                            "ingress.267302002.cidr_blocks.0": "10.0.0.0/16",
                            "ingress.267302002.description": "",
                            "ingress.267302002.from_port": "-1",
                            "ingress.267302002.ipv6_cidr_blocks.#": "0",
                            "ingress.267302002.prefix_list_ids.#": "0",
                            "ingress.267302002.protocol": "icmp",
                            "ingress.267302002.security_groups.#": "0",
                            "ingress.267302002.self": "false",
                            "ingress.267302002.to_port": "-1",
                            "ingress.2883779606.cidr_blocks.#": "0",
                            "ingress.2883779606.description": "",
                            "ingress.2883779606.from_port": "30000",
                            "ingress.2883779606.ipv6_cidr_blocks.#": "0",
                            "ingress.2883779606.prefix_list_ids.#": "0",
                            "ingress.2883779606.protocol": "udp",
                            "ingress.2883779606.security_groups.#": "0",
                            "ingress.2883779606.self": "true",
                            "ingress.2883779606.to_port": "32767",
                            "ingress.2946654542.cidr_blocks.#": "0",
                            "ingress.2946654542.description": "",
                            "ingress.2946654542.from_port": "10259",
                            "ingress.2946654542.ipv6_cidr_blocks.#": "0",
                            "ingress.2946654542.prefix_list_ids.#": "0",
                            "ingress.2946654542.protocol": "tcp",
                            "ingress.2946654542.security_groups.#": "1",
                            "ingress.2946654542.security_groups.2938061236": "sg-06d612c8636f7ac81",
                            "ingress.2946654542.self": "true",
                            "ingress.2946654542.to_port": "10259",
                            "ingress.3059540300.cidr_blocks.#": "0",
                            "ingress.3059540300.description": "",
                            "ingress.3059540300.from_port": "30000",
                            "ingress.3059540300.ipv6_cidr_blocks.#": "0",
                            "ingress.3059540300.prefix_list_ids.#": "0",
                            "ingress.3059540300.protocol": "tcp",
                            "ingress.3059540300.security_groups.#": "0",
                            "ingress.3059540300.self": "true",
                            "ingress.3059540300.to_port": "32767",
                            "ingress.3308398026.cidr_blocks.#": "0",
                            "ingress.3308398026.description": "",
                            "ingress.3308398026.from_port": "9000",
                            "ingress.3308398026.ipv6_cidr_blocks.#": "0",
                            "ingress.3308398026.prefix_list_ids.#": "0",
                            "ingress.3308398026.protocol": "tcp",
                            "ingress.3308398026.security_groups.#": "1",
                            "ingress.3308398026.security_groups.2938061236": "sg-06d612c8636f7ac81",
                            "ingress.3308398026.self": "true",
                            "ingress.3308398026.to_port": "9999",
                            "ingress.692631677.cidr_blocks.#": "0",
                            "ingress.692631677.description": "",
                            "ingress.692631677.from_port": "10257",
                            "ingress.692631677.ipv6_cidr_blocks.#": "0",
                            "ingress.692631677.prefix_list_ids.#": "0",
                            "ingress.692631677.protocol": "tcp",
                            "ingress.692631677.security_groups.#": "1",
                            "ingress.692631677.security_groups.2938061236": "sg-06d612c8636f7ac81",
                            "ingress.692631677.self": "true",
                            "ingress.692631677.to_port": "10257",
                            "ingress.931551850.cidr_blocks.#": "1",
                            "ingress.931551850.cidr_blocks.0": "10.0.0.0/16",
                            "ingress.931551850.description": "",
                            "ingress.931551850.from_port": "22",
                            "ingress.931551850.ipv6_cidr_blocks.#": "0",
                            "ingress.931551850.prefix_list_ids.#": "0",
                            "ingress.931551850.protocol": "tcp",
                            "ingress.931551850.security_groups.#": "0",
                            "ingress.931551850.self": "false",
                            "ingress.931551850.to_port": "22",
                            "name": "terraform-20190516193519296300000002",
                            "owner_id": "375630183866",
                            "revoke_rules_on_delete": "false",
                            "tags.%": "2",
                            "tags.Name": "openshift-nonprod-w6gj9-master-sg",
                            "tags.kubernetes.io/cluster/openshift-nonprod-w6gj9": "owned",
                            "vpc_id": "vpc-0463ec22ce255ac06"
                        },
                        "meta": {
                            "e2bfb730-ecaa-11e6-8f88-34363bc7c4c0": {
                                "create": 1200000000000,
                                "delete": 600000000000
                            },
                            "schema_version": "1"
                        },
                        "tainted": false
                    },
                    "deposed": [],
                    "provider": "provider.aws"
                },
                "aws_security_group.worker": {
                    "type": "aws_security_group",
                    "depends_on": [
                        "data.aws_vpc.cluster_vpc"
                    ],
                    "primary": {
                        "id": "sg-06d612c8636f7ac81",
                        "attributes": {
                            "arn": "arn:aws:ec2:us-east-1:375630183866:security-group/sg-06d612c8636f7ac81",
                            "description": "Managed by Terraform",
                            "egress.#": "0",
                            "id": "sg-06d612c8636f7ac81",
                            "ingress.#": "0",
                            "name": "terraform-20190516193519624300000003",
                            "owner_id": "375630183866",
                            "revoke_rules_on_delete": "false",
                            "tags.%": "2",
                            "tags.Name": "openshift-nonprod-w6gj9-worker-sg",
                            "tags.kubernetes.io/cluster/openshift-nonprod-w6gj9": "owned",
                            "vpc_id": "vpc-0463ec22ce255ac06"
                        },
                        "meta": {
                            "e2bfb730-ecaa-11e6-8f88-34363bc7c4c0": {
                                "create": 1200000000000,
                                "delete": 600000000000
                            },
                            "schema_version": "1"
                        },
                        "tainted": false
                    },
                    "deposed": [],
                    "provider": "provider.aws"
                },
                "aws_security_group_rule.master_egress": {
                    "type": "aws_security_group_rule",
                    "depends_on": [
                        "aws_security_group.master"
                    ],
                    "primary": {
                        "id": "sgrule-2467802492",
                        "attributes": {
                            "cidr_blocks.#": "1",
                            "cidr_blocks.0": "0.0.0.0/0",
                            "from_port": "0",
                            "id": "sgrule-2467802492",
                            "protocol": "-1",
                            "security_group_id": "sg-0d85d57546eb4943c",
                            "self": "false",
                            "to_port": "0",
                            "type": "egress"
                        },
                        "meta": {
                            "schema_version": "2"
                        },
                        "tainted": false
                    },
                    "deposed": [],
                    "provider": "provider.aws"
                },
                "aws_security_group_rule.master_ingress_etcd": {
                    "type": "aws_security_group_rule",
                    "depends_on": [
                        "aws_security_group.master"
                    ],
                    "primary": {
                        "id": "sgrule-2453125173",
                        "attributes": {
                            "from_port": "2379",
                            "id": "sgrule-2453125173",
                            "protocol": "tcp",
                            "security_group_id": "sg-0d85d57546eb4943c",
                            "self": "true",
                            "to_port": "2380",
                            "type": "ingress"
                        },
                        "meta": {
                            "schema_version": "2"
                        },
                        "tainted": false
                    },
                    "deposed": [],
                    "provider": "provider.aws"
                },
                "aws_security_group_rule.master_ingress_https": {
                    "type": "aws_security_group_rule",
                    "depends_on": [
                        "aws_security_group.master",
                        "data.aws_vpc.cluster_vpc"
                    ],
                    "primary": {
                        "id": "sgrule-3658858058",
                        "attributes": {
                            "cidr_blocks.#": "1",
                            "cidr_blocks.0": "10.0.0.0/16",
                            "from_port": "6443",
                            "id": "sgrule-3658858058",
                            "protocol": "tcp",
                            "security_group_id": "sg-0d85d57546eb4943c",
                            "self": "false",
                            "to_port": "6443",
                            "type": "ingress"
                        },
                        "meta": {
                            "schema_version": "2"
                        },
                        "tainted": false
                    },
                    "deposed": [],
                    "provider": "provider.aws"
                },
                "aws_security_group_rule.master_ingress_icmp": {
                    "type": "aws_security_group_rule",
                    "depends_on": [
                        "aws_security_group.master",
                        "data.aws_vpc.cluster_vpc"
                    ],
                    "primary": {
                        "id": "sgrule-2936833506",
                        "attributes": {
                            "cidr_blocks.#": "1",
                            "cidr_blocks.0": "10.0.0.0/16",
                            "from_port": "-1",
                            "id": "sgrule-2936833506",
                            "protocol": "icmp",
                            "security_group_id": "sg-0d85d57546eb4943c",
                            "self": "false",
                            "to_port": "-1",
                            "type": "ingress"
                        },
                        "meta": {
                            "schema_version": "2"
                        },
                        "tainted": false
                    },
                    "deposed": [],
                    "provider": "provider.aws"
                },
                "aws_security_group_rule.master_ingress_internal": {
                    "type": "aws_security_group_rule",
                    "depends_on": [
                        "aws_security_group.master"
                    ],
                    "primary": {
                        "id": "sgrule-1661701805",
                        "attributes": {
                            "from_port": "9000",
                            "id": "sgrule-1661701805",
                            "protocol": "tcp",
                            "security_group_id": "sg-0d85d57546eb4943c",
                            "self": "true",
                            "to_port": "9999",
                            "type": "ingress"
                        },
                        "meta": {
                            "schema_version": "2"
                        },
                        "tainted": false
                    },
                    "deposed": [],
                    "provider": "provider.aws"
                },
                "aws_security_group_rule.master_ingress_internal_from_worker": {
                    "type": "aws_security_group_rule",
                    "depends_on": [
                        "aws_security_group.master",
                        "aws_security_group.worker"
                    ],
                    "primary": {
                        "id": "sgrule-429308611",
                        "attributes": {
                            "from_port": "9000",
                            "id": "sgrule-429308611",
                            "protocol": "tcp",
                            "security_group_id": "sg-0d85d57546eb4943c",
                            "self": "false",
                            "source_security_group_id": "sg-06d612c8636f7ac81",
                            "to_port": "9999",
                            "type": "ingress"
                        },
                        "meta": {
                            "schema_version": "2"
                        },
                        "tainted": false
                    },
                    "deposed": [],
                    "provider": "provider.aws"
                },
                "aws_security_group_rule.master_ingress_internal_from_worker_udp": {
                    "type": "aws_security_group_rule",
                    "depends_on": [
                        "aws_security_group.master",
                        "aws_security_group.worker"
                    ],
                    "primary": {
                        "id": "sgrule-3184073004",
                        "attributes": {
                            "from_port": "9000",
                            "id": "sgrule-3184073004",
                            "protocol": "udp",
                            "security_group_id": "sg-0d85d57546eb4943c",
                            "self": "false",
                            "source_security_group_id": "sg-06d612c8636f7ac81",
                            "to_port": "9999",
                            "type": "ingress"
                        },
                        "meta": {
                            "schema_version": "2"
                        },
                        "tainted": false
                    },
                    "deposed": [],
                    "provider": "provider.aws"
                },
                "aws_security_group_rule.master_ingress_internal_udp": {
                    "type": "aws_security_group_rule",
                    "depends_on": [
                        "aws_security_group.master"
                    ],
                    "primary": {
                        "id": "sgrule-3344182594",
                        "attributes": {
                            "from_port": "9000",
                            "id": "sgrule-3344182594",
                            "protocol": "udp",
                            "security_group_id": "sg-0d85d57546eb4943c",
                            "self": "true",
                            "to_port": "9999",
                            "type": "ingress"
                        },
                        "meta": {
                            "schema_version": "2"
                        },
                        "tainted": false
                    },
                    "deposed": [],
                    "provider": "provider.aws"
                },
                "aws_security_group_rule.master_ingress_kube_controller_manager": {
                    "type": "aws_security_group_rule",
                    "depends_on": [
                        "aws_security_group.master"
                    ],
                    "primary": {
                        "id": "sgrule-2214917172",
                        "attributes": {
                            "from_port": "10257",
                            "id": "sgrule-2214917172",
                            "protocol": "tcp",
                            "security_group_id": "sg-0d85d57546eb4943c",
                            "self": "true",
                            "to_port": "10257",
                            "type": "ingress"
                        },
                        "meta": {
                            "schema_version": "2"
                        },
                        "tainted": false
                    },
                    "deposed": [],
                    "provider": "provider.aws"
                },
                "aws_security_group_rule.master_ingress_kube_controller_manager_from_worker": {
                    "type": "aws_security_group_rule",
                    "depends_on": [
                        "aws_security_group.master",
                        "aws_security_group.worker"
                    ],
                    "primary": {
                        "id": "sgrule-4271489114",
                        "attributes": {
                            "from_port": "10257",
                            "id": "sgrule-4271489114",
                            "protocol": "tcp",
                            "security_group_id": "sg-0d85d57546eb4943c",
                            "self": "false",
                            "source_security_group_id": "sg-06d612c8636f7ac81",
                            "to_port": "10257",
                            "type": "ingress"
                        },
                        "meta": {
                            "schema_version": "2"
                        },
                        "tainted": false
                    },
                    "deposed": [],
                    "provider": "provider.aws"
                },
                "aws_security_group_rule.master_ingress_kube_scheduler": {
                    "type": "aws_security_group_rule",
                    "depends_on": [
                        "aws_security_group.master"
                    ],
                    "primary": {
                        "id": "sgrule-1149800631",
                        "attributes": {
                            "from_port": "10259",
                            "id": "sgrule-1149800631",
                            "protocol": "tcp",
                            "security_group_id": "sg-0d85d57546eb4943c",
                            "self": "true",
                            "to_port": "10259",
                            "type": "ingress"
                        },
                        "meta": {
                            "schema_version": "2"
                        },
                        "tainted": false
                    },
                    "deposed": [],
                    "provider": "provider.aws"
                },
                "aws_security_group_rule.master_ingress_kube_scheduler_from_worker": {
                    "type": "aws_security_group_rule",
                    "depends_on": [
                        "aws_security_group.master",
                        "aws_security_group.worker"
                    ],
                    "primary": {
                        "id": "sgrule-1041605849",
                        "attributes": {
                            "from_port": "10259",
                            "id": "sgrule-1041605849",
                            "protocol": "tcp",
                            "security_group_id": "sg-0d85d57546eb4943c",
                            "self": "false",
                            "source_security_group_id": "sg-06d612c8636f7ac81",
                            "to_port": "10259",
                            "type": "ingress"
                        },
                        "meta": {
                            "schema_version": "2"
                        },
                        "tainted": false
                    },
                    "deposed": [],
                    "provider": "provider.aws"
                },
                "aws_security_group_rule.master_ingress_kubelet_secure": {
                    "type": "aws_security_group_rule",
                    "depends_on": [
                        "aws_security_group.master"
                    ],
                    "primary": {
                        "id": "sgrule-167396693",
                        "attributes": {
                            "from_port": "10250",
                            "id": "sgrule-167396693",
                            "protocol": "tcp",
                            "security_group_id": "sg-0d85d57546eb4943c",
                            "self": "true",
                            "to_port": "10250",
                            "type": "ingress"
                        },
                        "meta": {
                            "schema_version": "2"
                        },
                        "tainted": false
                    },
                    "deposed": [],
                    "provider": "provider.aws"
                },
                "aws_security_group_rule.master_ingress_kubelet_secure_from_worker": {
                    "type": "aws_security_group_rule",
                    "depends_on": [
                        "aws_security_group.master",
                        "aws_security_group.worker"
                    ],
                    "primary": {
                        "id": "sgrule-1936159035",
                        "attributes": {
                            "from_port": "10250",
                            "id": "sgrule-1936159035",
                            "protocol": "tcp",
                            "security_group_id": "sg-0d85d57546eb4943c",
                            "self": "false",
                            "source_security_group_id": "sg-06d612c8636f7ac81",
                            "to_port": "10250",
                            "type": "ingress"
                        },
                        "meta": {
                            "schema_version": "2"
                        },
                        "tainted": false
                    },
                    "deposed": [],
                    "provider": "provider.aws"
                },
                "aws_security_group_rule.master_ingress_services_tcp": {
                    "type": "aws_security_group_rule",
                    "depends_on": [
                        "aws_security_group.master"
                    ],
                    "primary": {
                        "id": "sgrule-3927376092",
                        "attributes": {
                            "from_port": "30000",
                            "id": "sgrule-3927376092",
                            "protocol": "tcp",
                            "security_group_id": "sg-0d85d57546eb4943c",
                            "self": "true",
                            "to_port": "32767",
                            "type": "ingress"
                        },
                        "meta": {
                            "schema_version": "2"
                        },
                        "tainted": false
                    },
                    "deposed": [],
                    "provider": "provider.aws"
                },
                "aws_security_group_rule.master_ingress_services_udp": {
                    "type": "aws_security_group_rule",
                    "depends_on": [
                        "aws_security_group.master"
                    ],
                    "primary": {
                        "id": "sgrule-1313383219",
                        "attributes": {
                            "from_port": "30000",
                            "id": "sgrule-1313383219",
                            "protocol": "udp",
                            "security_group_id": "sg-0d85d57546eb4943c",
                            "self": "true",
                            "to_port": "32767",
                            "type": "ingress"
                        },
                        "meta": {
                            "schema_version": "2"
                        },
                        "tainted": false
                    },
                    "deposed": [],
                    "provider": "provider.aws"
                },
                "aws_security_group_rule.master_ingress_ssh": {
                    "type": "aws_security_group_rule",
                    "depends_on": [
                        "aws_security_group.master",
                        "data.aws_vpc.cluster_vpc"
                    ],
                    "primary": {
                        "id": "sgrule-3205229176",
                        "attributes": {
                            "cidr_blocks.#": "1",
                            "cidr_blocks.0": "10.0.0.0/16",
                            "from_port": "22",
                            "id": "sgrule-3205229176",
                            "protocol": "tcp",
                            "security_group_id": "sg-0d85d57546eb4943c",
                            "self": "false",
                            "to_port": "22",
                            "type": "ingress"
                        },
                        "meta": {
                            "schema_version": "2"
                        },
                        "tainted": false
                    },
                    "deposed": [],
                    "provider": "provider.aws"
                },
                "aws_security_group_rule.master_ingress_vxlan": {
                    "type": "aws_security_group_rule",
                    "depends_on": [
                        "aws_security_group.master"
                    ],
                    "primary": {
                        "id": "sgrule-391403203",
                        "attributes": {
                            "from_port": "4789",
                            "id": "sgrule-391403203",
                            "protocol": "udp",
                            "security_group_id": "sg-0d85d57546eb4943c",
                            "self": "true",
                            "to_port": "4789",
                            "type": "ingress"
                        },
                        "meta": {
                            "schema_version": "2"
                        },
                        "tainted": false
                    },
                    "deposed": [],
                    "provider": "provider.aws"
                },
                "aws_security_group_rule.master_ingress_vxlan_from_worker": {
                    "type": "aws_security_group_rule",
                    "depends_on": [
                        "aws_security_group.master",
                        "aws_security_group.worker"
                    ],
                    "primary": {
                        "id": "sgrule-1841914541",
                        "attributes": {
                            "from_port": "4789",
                            "id": "sgrule-1841914541",
                            "protocol": "udp",
                            "security_group_id": "sg-0d85d57546eb4943c",
                            "self": "false",
                            "source_security_group_id": "sg-06d612c8636f7ac81",
                            "to_port": "4789",
                            "type": "ingress"
                        },
                        "meta": {
                            "schema_version": "2"
                        },
                        "tainted": false
                    },
                    "deposed": [],
                    "provider": "provider.aws"
                },
                "aws_security_group_rule.master_mcs": {
                    "type": "aws_security_group_rule",
                    "depends_on": [
                        "aws_security_group.master",
                        "data.aws_vpc.cluster_vpc"
                    ],
                    "primary": {
                        "id": "sgrule-4163462846",
                        "attributes": {
                            "cidr_blocks.#": "1",
                            "cidr_blocks.0": "10.0.0.0/16",
                            "from_port": "22623",
                            "id": "sgrule-4163462846",
                            "protocol": "tcp",
                            "security_group_id": "sg-0d85d57546eb4943c",
                            "self": "false",
                            "to_port": "22623",
                            "type": "ingress"
                        },
                        "meta": {
                            "schema_version": "2"
                        },
                        "tainted": false
                    },
                    "deposed": [],
                    "provider": "provider.aws"
                },
                "aws_security_group_rule.worker_egress": {
                    "type": "aws_security_group_rule",
                    "depends_on": [
                        "aws_security_group.worker"
                    ],
                    "primary": {
                        "id": "sgrule-2149444170",
                        "attributes": {
                            "cidr_blocks.#": "1",
                            "cidr_blocks.0": "0.0.0.0/0",
                            "from_port": "0",
                            "id": "sgrule-2149444170",
                            "protocol": "-1",
                            "security_group_id": "sg-06d612c8636f7ac81",
                            "self": "false",
                            "to_port": "0",
                            "type": "egress"
                        },
                        "meta": {
                            "schema_version": "2"
                        },
                        "tainted": false
                    },
                    "deposed": [],
                    "provider": "provider.aws"
                },
                "aws_security_group_rule.worker_ingress_icmp": {
                    "type": "aws_security_group_rule",
                    "depends_on": [
                        "aws_security_group.worker",
                        "data.aws_vpc.cluster_vpc"
                    ],
                    "primary": {
                        "id": "sgrule-3956698116",
                        "attributes": {
                            "cidr_blocks.#": "1",
                            "cidr_blocks.0": "10.0.0.0/16",
                            "from_port": "-1",
                            "id": "sgrule-3956698116",
                            "protocol": "icmp",
                            "security_group_id": "sg-06d612c8636f7ac81",
                            "self": "false",
                            "to_port": "-1",
                            "type": "ingress"
                        },
                        "meta": {
                            "schema_version": "2"
                        },
                        "tainted": false
                    },
                    "deposed": [],
                    "provider": "provider.aws"
                },
                "aws_security_group_rule.worker_ingress_internal": {
                    "type": "aws_security_group_rule",
                    "depends_on": [
                        "aws_security_group.worker"
                    ],
                    "primary": {
                        "id": "sgrule-4237072325",
                        "attributes": {
                            "from_port": "9000",
                            "id": "sgrule-4237072325",
                            "protocol": "tcp",
                            "security_group_id": "sg-06d612c8636f7ac81",
                            "self": "true",
                            "to_port": "9999",
                            "type": "ingress"
                        },
                        "meta": {
                            "schema_version": "2"
                        },
                        "tainted": false
                    },
                    "deposed": [],
                    "provider": "provider.aws"
                },
                "aws_security_group_rule.worker_ingress_internal_from_master": {
                    "type": "aws_security_group_rule",
                    "depends_on": [
                        "aws_security_group.master",
                        "aws_security_group.worker"
                    ],
                    "primary": {
                        "id": "sgrule-2249302955",
                        "attributes": {
                            "from_port": "9000",
                            "id": "sgrule-2249302955",
                            "protocol": "tcp",
                            "security_group_id": "sg-06d612c8636f7ac81",
                            "self": "false",
                            "source_security_group_id": "sg-0d85d57546eb4943c",
                            "to_port": "9999",
                            "type": "ingress"
                        },
                        "meta": {
                            "schema_version": "2"
                        },
                        "tainted": false
                    },
                    "deposed": [],
                    "provider": "provider.aws"
                },
                "aws_security_group_rule.worker_ingress_internal_from_master_udp": {
                    "type": "aws_security_group_rule",
                    "depends_on": [
                        "aws_security_group.master",
                        "aws_security_group.worker"
                    ],
                    "primary": {
                        "id": "sgrule-575537220",
                        "attributes": {
                            "from_port": "9000",
                            "id": "sgrule-575537220",
                            "protocol": "udp",
                            "security_group_id": "sg-06d612c8636f7ac81",
                            "self": "false",
                            "source_security_group_id": "sg-0d85d57546eb4943c",
                            "to_port": "9999",
                            "type": "ingress"
                        },
                        "meta": {
                            "schema_version": "2"
                        },
                        "tainted": false
                    },
                    "deposed": [],
                    "provider": "provider.aws"
                },
                "aws_security_group_rule.worker_ingress_internal_udp": {
                    "type": "aws_security_group_rule",
                    "depends_on": [
                        "aws_security_group.worker"
                    ],
                    "primary": {
                        "id": "sgrule-1490236458",
                        "attributes": {
                            "from_port": "9000",
                            "id": "sgrule-1490236458",
                            "protocol": "udp",
                            "security_group_id": "sg-06d612c8636f7ac81",
                            "self": "true",
                            "to_port": "9999",
                            "type": "ingress"
                        },
                        "meta": {
                            "schema_version": "2"
                        },
                        "tainted": false
                    },
                    "deposed": [],
                    "provider": "provider.aws"
                },
                "aws_security_group_rule.worker_ingress_kubelet_insecure": {
                    "type": "aws_security_group_rule",
                    "depends_on": [
                        "aws_security_group.worker"
                    ],
                    "primary": {
                        "id": "sgrule-1625452498",
                        "attributes": {
                            "from_port": "10250",
                            "id": "sgrule-1625452498",
                            "protocol": "tcp",
                            "security_group_id": "sg-06d612c8636f7ac81",
                            "self": "true",
                            "to_port": "10250",
                            "type": "ingress"
                        },
                        "meta": {
                            "schema_version": "2"
                        },
                        "tainted": false
                    },
                    "deposed": [],
                    "provider": "provider.aws"
                },
                "aws_security_group_rule.worker_ingress_kubelet_insecure_from_master": {
                    "type": "aws_security_group_rule",
                    "depends_on": [
                        "aws_security_group.master",
                        "aws_security_group.worker"
                    ],
                    "primary": {
                        "id": "sgrule-444554172",
                        "attributes": {
                            "from_port": "10250",
                            "id": "sgrule-444554172",
                            "protocol": "tcp",
                            "security_group_id": "sg-06d612c8636f7ac81",
                            "self": "false",
                            "source_security_group_id": "sg-0d85d57546eb4943c",
                            "to_port": "10250",
                            "type": "ingress"
                        },
                        "meta": {
                            "schema_version": "2"
                        },
                        "tainted": false
                    },
                    "deposed": [],
                    "provider": "provider.aws"
                },
                "aws_security_group_rule.worker_ingress_services_tcp": {
                    "type": "aws_security_group_rule",
                    "depends_on": [
                        "aws_security_group.worker"
                    ],
                    "primary": {
                        "id": "sgrule-2198809179",
                        "attributes": {
                            "from_port": "30000",
                            "id": "sgrule-2198809179",
                            "protocol": "tcp",
                            "security_group_id": "sg-06d612c8636f7ac81",
                            "self": "true",
                            "to_port": "32767",
                            "type": "ingress"
                        },
                        "meta": {
                            "schema_version": "2"
                        },
                        "tainted": false
                    },
                    "deposed": [],
                    "provider": "provider.aws"
                },
                "aws_security_group_rule.worker_ingress_services_udp": {
                    "type": "aws_security_group_rule",
                    "depends_on": [
                        "aws_security_group.worker"
                    ],
                    "primary": {
                        "id": "sgrule-659589556",
                        "attributes": {
                            "from_port": "30000",
                            "id": "sgrule-659589556",
                            "protocol": "udp",
                            "security_group_id": "sg-06d612c8636f7ac81",
                            "self": "true",
                            "to_port": "32767",
                            "type": "ingress"
                        },
                        "meta": {
                            "schema_version": "2"
                        },
                        "tainted": false
                    },
                    "deposed": [],
                    "provider": "provider.aws"
                },
                "aws_security_group_rule.worker_ingress_ssh": {
                    "type": "aws_security_group_rule",
                    "depends_on": [
                        "aws_security_group.worker",
                        "data.aws_vpc.cluster_vpc"
                    ],
                    "primary": {
                        "id": "sgrule-2816732242",
                        "attributes": {
                            "cidr_blocks.#": "1",
                            "cidr_blocks.0": "10.0.0.0/16",
                            "from_port": "22",
                            "id": "sgrule-2816732242",
                            "protocol": "tcp",
                            "security_group_id": "sg-06d612c8636f7ac81",
                            "self": "false",
                            "to_port": "22",
                            "type": "ingress"
                        },
                        "meta": {
                            "schema_version": "2"
                        },
                        "tainted": false
                    },
                    "deposed": [],
                    "provider": "provider.aws"
                },
                "aws_security_group_rule.worker_ingress_vxlan": {
                    "type": "aws_security_group_rule",
                    "depends_on": [
                        "aws_security_group.worker"
                    ],
                    "primary": {
                        "id": "sgrule-2295549867",
                        "attributes": {
                            "from_port": "4789",
                            "id": "sgrule-2295549867",
                            "protocol": "udp",
                            "security_group_id": "sg-06d612c8636f7ac81",
                            "self": "true",
                            "to_port": "4789",
                            "type": "ingress"
                        },
                        "meta": {
                            "schema_version": "2"
                        },
                        "tainted": false
                    },
                    "deposed": [],
                    "provider": "provider.aws"
                },
                "aws_security_group_rule.worker_ingress_vxlan_from_master": {
                    "type": "aws_security_group_rule",
                    "depends_on": [
                        "aws_security_group.master",
                        "aws_security_group.worker"
                    ],
                    "primary": {
                        "id": "sgrule-4065229765",
                        "attributes": {
                            "from_port": "4789",
                            "id": "sgrule-4065229765",
                            "protocol": "udp",
                            "security_group_id": "sg-06d612c8636f7ac81",
                            "self": "false",
                            "source_security_group_id": "sg-0d85d57546eb4943c",
                            "to_port": "4789",
                            "type": "ingress"
                        },
                        "meta": {
                            "schema_version": "2"
                        },
                        "tainted": false
                    },
                    "deposed": [],
                    "provider": "provider.aws"
                },
                "aws_subnet.private_subnet.0": {
                    "type": "aws_subnet",
                    "depends_on": [
                        "data.aws_vpc.cluster_vpc",
                        "local.new_az_count",
                        "local.new_private_cidr_range"
                    ],
                    "primary": {
                        "id": "subnet-0618015e5abc882bd",
                        "attributes": {
                            "arn": "arn:aws:ec2:us-east-1:375630183866:subnet/subnet-0618015e5abc882bd",
                            "assign_ipv6_address_on_creation": "false",
                            "availability_zone": "us-east-1a",
                            "availability_zone_id": "use1-az4",
                            "cidr_block": "10.0.128.0/20",
                            "id": "subnet-0618015e5abc882bd",
                            "ipv6_cidr_block": "",
                            "ipv6_cidr_block_association_id": "",
                            "map_public_ip_on_launch": "false",
                            "owner_id": "375630183866",
                            "tags.%": "3",
                            "tags.Name": "openshift-nonprod-w6gj9-private-us-east-1a",
                            "tags.kubernetes.io/cluster/openshift-nonprod-w6gj9": "owned",
                            "tags.kubernetes.io/role/internal-elb": "",
                            "vpc_id": "vpc-0463ec22ce255ac06"
                        },
                        "meta": {
                            "e2bfb730-ecaa-11e6-8f88-34363bc7c4c0": {
                                "create": 600000000000,
                                "delete": 600000000000
                            },
                            "schema_version": "1"
                        },
                        "tainted": false
                    },
                    "deposed": [],
                    "provider": "provider.aws"
                },
                "aws_subnet.private_subnet.1": {
                    "type": "aws_subnet",
                    "depends_on": [
                        "data.aws_vpc.cluster_vpc",
                        "local.new_az_count",
                        "local.new_private_cidr_range"
                    ],
                    "primary": {
                        "id": "subnet-06f905b3ff98d37ec",
                        "attributes": {
                            "arn": "arn:aws:ec2:us-east-1:375630183866:subnet/subnet-06f905b3ff98d37ec",
                            "assign_ipv6_address_on_creation": "false",
                            "availability_zone": "us-east-1b",
                            "availability_zone_id": "use1-az6",
                            "cidr_block": "10.0.144.0/20",
                            "id": "subnet-06f905b3ff98d37ec",
                            "ipv6_cidr_block": "",
                            "ipv6_cidr_block_association_id": "",
                            "map_public_ip_on_launch": "false",
                            "owner_id": "375630183866",
                            "tags.%": "3",
                            "tags.Name": "openshift-nonprod-w6gj9-private-us-east-1b",
                            "tags.kubernetes.io/cluster/openshift-nonprod-w6gj9": "owned",
                            "tags.kubernetes.io/role/internal-elb": "",
                            "vpc_id": "vpc-0463ec22ce255ac06"
                        },
                        "meta": {
                            "e2bfb730-ecaa-11e6-8f88-34363bc7c4c0": {
                                "create": 600000000000,
                                "delete": 600000000000
                            },
                            "schema_version": "1"
                        },
                        "tainted": false
                    },
                    "deposed": [],
                    "provider": "provider.aws"
                },
                "aws_subnet.private_subnet.2": {
                    "type": "aws_subnet",
                    "depends_on": [
                        "data.aws_vpc.cluster_vpc",
                        "local.new_az_count",
                        "local.new_private_cidr_range"
                    ],
                    "primary": {
                        "id": "subnet-0e4304b80f639e30b",
                        "attributes": {
                            "arn": "arn:aws:ec2:us-east-1:375630183866:subnet/subnet-0e4304b80f639e30b",
                            "assign_ipv6_address_on_creation": "false",
                            "availability_zone": "us-east-1c",
                            "availability_zone_id": "use1-az1",
                            "cidr_block": "10.0.160.0/20",
                            "id": "subnet-0e4304b80f639e30b",
                            "ipv6_cidr_block": "",
                            "ipv6_cidr_block_association_id": "",
                            "map_public_ip_on_launch": "false",
                            "owner_id": "375630183866",
                            "tags.%": "3",
                            "tags.Name": "openshift-nonprod-w6gj9-private-us-east-1c",
                            "tags.kubernetes.io/cluster/openshift-nonprod-w6gj9": "owned",
                            "tags.kubernetes.io/role/internal-elb": "",
                            "vpc_id": "vpc-0463ec22ce255ac06"
                        },
                        "meta": {
                            "e2bfb730-ecaa-11e6-8f88-34363bc7c4c0": {
                                "create": 600000000000,
                                "delete": 600000000000
                            },
                            "schema_version": "1"
                        },
                        "tainted": false
                    },
                    "deposed": [],
                    "provider": "provider.aws"
                },
                "aws_subnet.public_subnet.0": {
                    "type": "aws_subnet",
                    "depends_on": [
                        "data.aws_vpc.cluster_vpc",
                        "local.new_az_count",
                        "local.new_public_cidr_range"
                    ],
                    "primary": {
                        "id": "subnet-0b270e7971f4b0089",
                        "attributes": {
                            "arn": "arn:aws:ec2:us-east-1:375630183866:subnet/subnet-0b270e7971f4b0089",
                            "assign_ipv6_address_on_creation": "false",
                            "availability_zone": "us-east-1a",
                            "availability_zone_id": "use1-az4",
                            "cidr_block": "10.0.0.0/20",
                            "id": "subnet-0b270e7971f4b0089",
                            "ipv6_cidr_block": "",
                            "ipv6_cidr_block_association_id": "",
                            "map_public_ip_on_launch": "false",
                            "owner_id": "375630183866",
                            "tags.%": "2",
                            "tags.Name": "openshift-nonprod-w6gj9-public-us-east-1a",
                            "tags.kubernetes.io/cluster/openshift-nonprod-w6gj9": "owned",
                            "vpc_id": "vpc-0463ec22ce255ac06"
                        },
                        "meta": {
                            "e2bfb730-ecaa-11e6-8f88-34363bc7c4c0": {
                                "create": 600000000000,
                                "delete": 600000000000
                            },
                            "schema_version": "1"
                        },
                        "tainted": false
                    },
                    "deposed": [],
                    "provider": "provider.aws"
                },
                "aws_subnet.public_subnet.1": {
                    "type": "aws_subnet",
                    "depends_on": [
                        "data.aws_vpc.cluster_vpc",
                        "local.new_az_count",
                        "local.new_public_cidr_range"
                    ],
                    "primary": {
                        "id": "subnet-0c8dae15e7af10f65",
                        "attributes": {
                            "arn": "arn:aws:ec2:us-east-1:375630183866:subnet/subnet-0c8dae15e7af10f65",
                            "assign_ipv6_address_on_creation": "false",
                            "availability_zone": "us-east-1b",
                            "availability_zone_id": "use1-az6",
                            "cidr_block": "10.0.16.0/20",
                            "id": "subnet-0c8dae15e7af10f65",
                            "ipv6_cidr_block": "",
                            "ipv6_cidr_block_association_id": "",
                            "map_public_ip_on_launch": "false",
                            "owner_id": "375630183866",
                            "tags.%": "2",
                            "tags.Name": "openshift-nonprod-w6gj9-public-us-east-1b",
                            "tags.kubernetes.io/cluster/openshift-nonprod-w6gj9": "owned",
                            "vpc_id": "vpc-0463ec22ce255ac06"
                        },
                        "meta": {
                            "e2bfb730-ecaa-11e6-8f88-34363bc7c4c0": {
                                "create": 600000000000,
                                "delete": 600000000000
                            },
                            "schema_version": "1"
                        },
                        "tainted": false
                    },
                    "deposed": [],
                    "provider": "provider.aws"
                },
                "aws_subnet.public_subnet.2": {
                    "type": "aws_subnet",
                    "depends_on": [
                        "data.aws_vpc.cluster_vpc",
                        "local.new_az_count",
                        "local.new_public_cidr_range"
                    ],
                    "primary": {
                        "id": "subnet-0dd9eac8975361719",
                        "attributes": {
                            "arn": "arn:aws:ec2:us-east-1:375630183866:subnet/subnet-0dd9eac8975361719",
                            "assign_ipv6_address_on_creation": "false",
                            "availability_zone": "us-east-1c",
                            "availability_zone_id": "use1-az1",
                            "cidr_block": "10.0.32.0/20",
                            "id": "subnet-0dd9eac8975361719",
                            "ipv6_cidr_block": "",
                            "ipv6_cidr_block_association_id": "",
                            "map_public_ip_on_launch": "false",
                            "owner_id": "375630183866",
                            "tags.%": "2",
                            "tags.Name": "openshift-nonprod-w6gj9-public-us-east-1c",
                            "tags.kubernetes.io/cluster/openshift-nonprod-w6gj9": "owned",
                            "vpc_id": "vpc-0463ec22ce255ac06"
                        },
                        "meta": {
                            "e2bfb730-ecaa-11e6-8f88-34363bc7c4c0": {
                                "create": 600000000000,
                                "delete": 600000000000
                            },
                            "schema_version": "1"
                        },
                        "tainted": false
                    },
                    "deposed": [],
                    "provider": "provider.aws"
                },
                "aws_vpc.new_vpc": {
                    "type": "aws_vpc",
                    "depends_on": [],
                    "primary": {
                        "id": "vpc-0463ec22ce255ac06",
                        "attributes": {
                            "arn": "arn:aws:ec2:us-east-1:375630183866:vpc/vpc-0463ec22ce255ac06",
                            "assign_generated_ipv6_cidr_block": "false",
                            "cidr_block": "10.0.0.0/16",
                            "default_network_acl_id": "acl-0ae0b0163b872bb0d",
                            "default_route_table_id": "rtb-086f191688e1e092f",
                            "default_security_group_id": "sg-0facb6ab38a6f8b1f",
                            "dhcp_options_id": "dopt-0bb86d0f459cb2f19",
                            "enable_classiclink": "false",
                            "enable_classiclink_dns_support": "false",
                            "enable_dns_hostnames": "true",
                            "enable_dns_support": "true",
                            "id": "vpc-0463ec22ce255ac06",
                            "instance_tenancy": "default",
                            "ipv6_association_id": "",
                            "ipv6_cidr_block": "",
                            "main_route_table_id": "rtb-086f191688e1e092f",
                            "owner_id": "375630183866",
                            "tags.%": "2",
                            "tags.Name": "openshift-nonprod-w6gj9-vpc",
                            "tags.kubernetes.io/cluster/openshift-nonprod-w6gj9": "owned"
                        },
                        "meta": {
                            "schema_version": "1"
                        },
                        "tainted": false
                    },
                    "deposed": [],
                    "provider": "provider.aws"
                },
                "aws_vpc_dhcp_options.main": {
                    "type": "aws_vpc_dhcp_options",
                    "depends_on": [],
                    "primary": {
                        "id": "dopt-0bb86d0f459cb2f19",
                        "attributes": {
                            "domain_name": "ec2.internal",
                            "domain_name_servers.#": "1",
                            "domain_name_servers.0": "AmazonProvidedDNS",
                            "id": "dopt-0bb86d0f459cb2f19",
                            "owner_id": "375630183866",
                            "tags.%": "1",
                            "tags.kubernetes.io/cluster/openshift-nonprod-w6gj9": "owned"
                        },
                        "meta": {},
                        "tainted": false
                    },
                    "deposed": [],
                    "provider": "provider.aws"
                },
                "aws_vpc_dhcp_options_association.main": {
                    "type": "aws_vpc_dhcp_options_association",
                    "depends_on": [
                        "aws_vpc.new_vpc",
                        "aws_vpc_dhcp_options.main"
                    ],
                    "primary": {
                        "id": "dopt-0bb86d0f459cb2f19-vpc-0463ec22ce255ac06",
                        "attributes": {
                            "dhcp_options_id": "dopt-0bb86d0f459cb2f19",
                            "id": "dopt-0bb86d0f459cb2f19-vpc-0463ec22ce255ac06",
                            "vpc_id": "vpc-0463ec22ce255ac06"
                        },
                        "meta": {},
                        "tainted": false
                    },
                    "deposed": [],
                    "provider": "provider.aws"
                },
                "aws_vpc_endpoint.s3": {
                    "type": "aws_vpc_endpoint",
                    "depends_on": [
                        "aws_route_table.default.*",
                        "aws_route_table.private_routes.*",
                        "aws_vpc.new_vpc"
                    ],
                    "primary": {
                        "id": "vpce-03e11915ebe5efef0",
                        "attributes": {
                            "cidr_blocks.#": "2",
                            "cidr_blocks.0": "54.231.0.0/17",
                            "cidr_blocks.1": "52.216.0.0/15",
                            "dns_entry.#": "0",
                            "id": "vpce-03e11915ebe5efef0",
                            "network_interface_ids.#": "0",
                            "policy": "{\"Statement\":[{\"Action\":\"*\",\"Effect\":\"Allow\",\"Principal\":\"*\",\"Resource\":\"*\"}],\"Version\":\"2008-10-17\"}",
                            "prefix_list_id": "pl-63a5400a",
                            "private_dns_enabled": "false",
                            "route_table_ids.#": "4",
                            "route_table_ids.1436657816": "rtb-086f191688e1e092f",
                            "route_table_ids.1514165690": "rtb-0b8660137fed1ce43",
                            "route_table_ids.3094082013": "rtb-0efbe889840554d9d",
                            "route_table_ids.725016201": "rtb-099d65ed12f1406a9",
                            "security_group_ids.#": "0",
                            "service_name": "com.amazonaws.us-east-1.s3",
                            "state": "available",
                            "subnet_ids.#": "0",
                            "vpc_endpoint_type": "Gateway",
                            "vpc_id": "vpc-0463ec22ce255ac06"
                        },
                        "meta": {
                            "e2bfb730-ecaa-11e6-8f88-34363bc7c4c0": {
                                "create": 600000000000,
                                "delete": 600000000000,
                                "update": 600000000000
                            }
                        },
                        "tainted": false
                    },
                    "deposed": [],
                    "provider": "provider.aws"
                },
                "data.aws_vpc.cluster_vpc": {
                    "type": "aws_vpc",
                    "depends_on": [
                        "local.vpc_id"
                    ],
                    "primary": {
                        "id": "vpc-0463ec22ce255ac06",
                        "attributes": {
                            "arn": "arn:aws:ec2:us-east-1:375630183866:vpc/vpc-0463ec22ce255ac06",
                            "cidr_block": "10.0.0.0/16",
                            "cidr_block_associations.#": "1",
                            "cidr_block_associations.0.association_id": "vpc-cidr-assoc-06263e4aee345b028",
                            "cidr_block_associations.0.cidr_block": "10.0.0.0/16",
                            "cidr_block_associations.0.state": "associated",
                            "default": "false",
                            "dhcp_options_id": "dopt-0bb86d0f459cb2f19",
                            "enable_dns_hostnames": "true",
                            "enable_dns_support": "true",
                            "id": "vpc-0463ec22ce255ac06",
                            "instance_tenancy": "default",
                            "main_route_table_id": "rtb-086f191688e1e092f",
                            "owner_id": "375630183866",
                            "state": "available",
                            "tags.%": "2",
                            "tags.Name": "openshift-nonprod-w6gj9-vpc",
                            "tags.kubernetes.io/cluster/openshift-nonprod-w6gj9": "owned"
                        },
                        "meta": {},
                        "tainted": false
                    },
                    "deposed": [],
                    "provider": "provider.aws"
                }
            },
            "depends_on": []
        }
    ]
}
